// !$*UTF8*$!
{
	archiveVersion = 1;
	classes = {
	};
	objectVersion = 46;
	objects = {

/* Begin PBXBuildFile section */
		3A0E8B1C181995290029EC70 /* Default-568h@2x.png in Resources */ = {isa = PBXBuildFile; fileRef = 3A0E8B1B181995290029EC70 /* Default-568h@2x.png */; };
		3A0E8B23181ADDFE0029EC70 /* Notes.m in Sources */ = {isa = PBXBuildFile; fileRef = 3A0E8B22181ADDFE0029EC70 /* Notes.m */; };
		3A39C4BD174E8F0A0081319C /* UIKit.framework in Frameworks */ = {isa = PBXBuildFile; fileRef = 3A39C4BC174E8F090081319C /* UIKit.framework */; };
		3A39C4BF174E8F0A0081319C /* Foundation.framework in Frameworks */ = {isa = PBXBuildFile; fileRef = 3A39C4BE174E8F0A0081319C /* Foundation.framework */; };
		3A39C4C1174E8F0A0081319C /* CoreGraphics.framework in Frameworks */ = {isa = PBXBuildFile; fileRef = 3A39C4C0174E8F0A0081319C /* CoreGraphics.framework */; };
		3A39C4C7174E8F0A0081319C /* InfoPlist.strings in Resources */ = {isa = PBXBuildFile; fileRef = 3A39C4C5174E8F0A0081319C /* InfoPlist.strings */; };
		3A39C4C9174E8F0A0081319C /* main.m in Sources */ = {isa = PBXBuildFile; fileRef = 3A39C4C8174E8F0A0081319C /* main.m */; };
		3A39C4CD174E8F0A0081319C /* AppDelegate.m in Sources */ = {isa = PBXBuildFile; fileRef = 3A39C4CC174E8F0A0081319C /* AppDelegate.m */; };
		3A39C4D6174E8F0A0081319C /* MainStoryboard_iPhone.storyboard in Resources */ = {isa = PBXBuildFile; fileRef = 3A39C4D4174E8F0A0081319C /* MainStoryboard_iPhone.storyboard */; };
		3A39C4DC174E8F0A0081319C /* ViewController.m in Sources */ = {isa = PBXBuildFile; fileRef = 3A39C4DB174E8F0A0081319C /* ViewController.m */; };
		3A39C4E4174E8F0B0081319C /* SenTestingKit.framework in Frameworks */ = {isa = PBXBuildFile; fileRef = 3A39C4E3174E8F0B0081319C /* SenTestingKit.framework */; };
		3A39C4E5174E8F0B0081319C /* UIKit.framework in Frameworks */ = {isa = PBXBuildFile; fileRef = 3A39C4BC174E8F090081319C /* UIKit.framework */; };
		3A39C4E6174E8F0B0081319C /* Foundation.framework in Frameworks */ = {isa = PBXBuildFile; fileRef = 3A39C4BE174E8F0A0081319C /* Foundation.framework */; };
		3A39C4EE174E8F0B0081319C /* InfoPlist.strings in Resources */ = {isa = PBXBuildFile; fileRef = 3A39C4EC174E8F0B0081319C /* InfoPlist.strings */; };
		3A39C4F1174E8F0B0081319C /* NodeTests.m in Sources */ = {isa = PBXBuildFile; fileRef = 3A39C4F0174E8F0B0081319C /* NodeTests.m */; };
		3A39C4FC174E978E0081319C /* SoundStuff.m in Sources */ = {isa = PBXBuildFile; fileRef = 3A39C4FB174E978E0081319C /* SoundStuff.m */; };
		3A39C500174FB4280081319C /* AudioToolbox.framework in Frameworks */ = {isa = PBXBuildFile; fileRef = 3A39C4FD174FB4280081319C /* AudioToolbox.framework */; };
		3A39C502174FB4280081319C /* CoreAudio.framework in Frameworks */ = {isa = PBXBuildFile; fileRef = 3A39C4FF174FB4280081319C /* CoreAudio.framework */; };
		3A39C50A175668640081319C /* Accelerate.framework in Frameworks */ = {isa = PBXBuildFile; fileRef = 3A39C509175668640081319C /* Accelerate.framework */; };
		3A7282961822E623005EEC1D /* 39.jpg in Resources */ = {isa = PBXBuildFile; fileRef = 3A72827A1822E623005EEC1D /* 39.jpg */; };
		3A7282971822E623005EEC1D /* 40.jpg in Resources */ = {isa = PBXBuildFile; fileRef = 3A72827B1822E623005EEC1D /* 40.jpg */; };
		3A7282981822E623005EEC1D /* 42.jpg in Resources */ = {isa = PBXBuildFile; fileRef = 3A72827C1822E623005EEC1D /* 42.jpg */; };
		3A7282991822E623005EEC1D /* 44.jpg in Resources */ = {isa = PBXBuildFile; fileRef = 3A72827D1822E623005EEC1D /* 44.jpg */; };
		3A72829A1822E623005EEC1D /* 45.jpg in Resources */ = {isa = PBXBuildFile; fileRef = 3A72827E1822E623005EEC1D /* 45.jpg */; };
		3A72829B1822E623005EEC1D /* 47.jpg in Resources */ = {isa = PBXBuildFile; fileRef = 3A72827F1822E623005EEC1D /* 47.jpg */; };
		3A72829C1822E623005EEC1D /* 49.jpg in Resources */ = {isa = PBXBuildFile; fileRef = 3A7282801822E623005EEC1D /* 49.jpg */; };
		3A72829D1822E623005EEC1D /* 51.jpg in Resources */ = {isa = PBXBuildFile; fileRef = 3A7282811822E623005EEC1D /* 51.jpg */; };
		3A72829E1822E623005EEC1D /* 52.jpg in Resources */ = {isa = PBXBuildFile; fileRef = 3A7282821822E623005EEC1D /* 52.jpg */; };
		3A72829F1822E623005EEC1D /* 54.jpg in Resources */ = {isa = PBXBuildFile; fileRef = 3A7282831822E623005EEC1D /* 54.jpg */; };
		3A7282A01822E623005EEC1D /* 56.jpg in Resources */ = {isa = PBXBuildFile; fileRef = 3A7282841822E623005EEC1D /* 56.jpg */; };
		3A7282A11822E623005EEC1D /* 57.jpg in Resources */ = {isa = PBXBuildFile; fileRef = 3A7282851822E623005EEC1D /* 57.jpg */; };
		3A7282A21822E623005EEC1D /* 59.jpg in Resources */ = {isa = PBXBuildFile; fileRef = 3A7282861822E623005EEC1D /* 59.jpg */; };
		3A7282A31822E623005EEC1D /* 61.jpg in Resources */ = {isa = PBXBuildFile; fileRef = 3A7282871822E623005EEC1D /* 61.jpg */; };
		3A7282A41822E623005EEC1D /* 63.jpg in Resources */ = {isa = PBXBuildFile; fileRef = 3A7282881822E623005EEC1D /* 63.jpg */; };
		3A7282A51822E623005EEC1D /* 64.jpg in Resources */ = {isa = PBXBuildFile; fileRef = 3A7282891822E623005EEC1D /* 64.jpg */; };
		3A7282A61822E623005EEC1D /* 38.jpg in Resources */ = {isa = PBXBuildFile; fileRef = 3A72828A1822E623005EEC1D /* 38.jpg */; };
		3A7282A71822E623005EEC1D /* 50.jpg in Resources */ = {isa = PBXBuildFile; fileRef = 3A72828B1822E623005EEC1D /* 50.jpg */; };
		3A7282A81822E623005EEC1D /* 62.jpg in Resources */ = {isa = PBXBuildFile; fileRef = 3A72828C1822E623005EEC1D /* 62.jpg */; };
		3A7282A91822E623005EEC1D /* 41.jpg in Resources */ = {isa = PBXBuildFile; fileRef = 3A72828D1822E623005EEC1D /* 41.jpg */; };
		3A7282AA1822E623005EEC1D /* 43.jpg in Resources */ = {isa = PBXBuildFile; fileRef = 3A72828E1822E623005EEC1D /* 43.jpg */; };
		3A7282AB1822E623005EEC1D /* 46.jpg in Resources */ = {isa = PBXBuildFile; fileRef = 3A72828F1822E623005EEC1D /* 46.jpg */; };
		3A7282AC1822E623005EEC1D /* 48.jpg in Resources */ = {isa = PBXBuildFile; fileRef = 3A7282901822E623005EEC1D /* 48.jpg */; };
		3A7282AD1822E623005EEC1D /* 53.jpg in Resources */ = {isa = PBXBuildFile; fileRef = 3A7282911822E623005EEC1D /* 53.jpg */; };
		3A7282AE1822E623005EEC1D /* 55.jpg in Resources */ = {isa = PBXBuildFile; fileRef = 3A7282921822E623005EEC1D /* 55.jpg */; };
		3A7282AF1822E623005EEC1D /* 58.jpg in Resources */ = {isa = PBXBuildFile; fileRef = 3A7282931822E623005EEC1D /* 58.jpg */; };
		3A7282B01822E623005EEC1D /* 60.jpg in Resources */ = {isa = PBXBuildFile; fileRef = 3A7282941822E623005EEC1D /* 60.jpg */; };
		3A7282B11822E623005EEC1D /* 65.jpg in Resources */ = {isa = PBXBuildFile; fileRef = 3A7282951822E623005EEC1D /* 65.jpg */; };
/* End PBXBuildFile section */

/* Begin PBXContainerItemProxy section */
		3A39C4E7174E8F0B0081319C /* PBXContainerItemProxy */ = {
			isa = PBXContainerItemProxy;
			containerPortal = 3A39C4B1174E8F090081319C /* Project object */;
			proxyType = 1;
			remoteGlobalIDString = 3A39C4B8174E8F090081319C;
			remoteInfo = Node;
		};
/* End PBXContainerItemProxy section */

/* Begin PBXFileReference section */
		3A0E8B1B181995290029EC70 /* Default-568h@2x.png */ = {isa = PBXFileReference; lastKnownFileType = image.png; path = "Default-568h@2x.png"; sourceTree = "<group>"; };
		3A0E8B21181ADDFE0029EC70 /* Notes.h */ = {isa = PBXFileReference; fileEncoding = 4; lastKnownFileType = sourcecode.c.h; path = Notes.h; sourceTree = "<group>"; };
		3A0E8B22181ADDFE0029EC70 /* Notes.m */ = {isa = PBXFileReference; fileEncoding = 4; lastKnownFileType = sourcecode.c.objc; path = Notes.m; sourceTree = "<group>"; };
		3A39C4B9174E8F090081319C /* Node.app */ = {isa = PBXFileReference; explicitFileType = wrapper.application; includeInIndex = 0; path = Node.app; sourceTree = BUILT_PRODUCTS_DIR; };
		3A39C4BC174E8F090081319C /* UIKit.framework */ = {isa = PBXFileReference; lastKnownFileType = wrapper.framework; name = UIKit.framework; path = System/Library/Frameworks/UIKit.framework; sourceTree = SDKROOT; };
		3A39C4BE174E8F0A0081319C /* Foundation.framework */ = {isa = PBXFileReference; lastKnownFileType = wrapper.framework; name = Foundation.framework; path = System/Library/Frameworks/Foundation.framework; sourceTree = SDKROOT; };
		3A39C4C0174E8F0A0081319C /* CoreGraphics.framework */ = {isa = PBXFileReference; lastKnownFileType = wrapper.framework; name = CoreGraphics.framework; path = System/Library/Frameworks/CoreGraphics.framework; sourceTree = SDKROOT; };
		3A39C4C4174E8F0A0081319C /* Node-Info.plist */ = {isa = PBXFileReference; lastKnownFileType = text.plist.xml; path = "Node-Info.plist"; sourceTree = "<group>"; };
		3A39C4C6174E8F0A0081319C /* en */ = {isa = PBXFileReference; lastKnownFileType = text.plist.strings; name = en; path = en.lproj/InfoPlist.strings; sourceTree = "<group>"; };
		3A39C4C8174E8F0A0081319C /* main.m */ = {isa = PBXFileReference; lastKnownFileType = sourcecode.c.objc; path = main.m; sourceTree = "<group>"; };
		3A39C4CA174E8F0A0081319C /* Node-Prefix.pch */ = {isa = PBXFileReference; lastKnownFileType = sourcecode.c.h; path = "Node-Prefix.pch"; sourceTree = "<group>"; };
		3A39C4CB174E8F0A0081319C /* AppDelegate.h */ = {isa = PBXFileReference; lastKnownFileType = sourcecode.c.h; path = AppDelegate.h; sourceTree = "<group>"; };
		3A39C4CC174E8F0A0081319C /* AppDelegate.m */ = {isa = PBXFileReference; lastKnownFileType = sourcecode.c.objc; path = AppDelegate.m; sourceTree = "<group>"; };
		3A39C4D5174E8F0A0081319C /* en */ = {isa = PBXFileReference; lastKnownFileType = file.storyboard; name = en; path = en.lproj/MainStoryboard_iPhone.storyboard; sourceTree = "<group>"; };
		3A39C4DA174E8F0A0081319C /* ViewController.h */ = {isa = PBXFileReference; lastKnownFileType = sourcecode.c.h; path = ViewController.h; sourceTree = "<group>"; };
		3A39C4DB174E8F0A0081319C /* ViewController.m */ = {isa = PBXFileReference; lastKnownFileType = sourcecode.c.objc; path = ViewController.m; sourceTree = "<group>"; };
		3A39C4E2174E8F0B0081319C /* NodeTests.octest */ = {isa = PBXFileReference; explicitFileType = wrapper.cfbundle; includeInIndex = 0; path = NodeTests.octest; sourceTree = BUILT_PRODUCTS_DIR; };
		3A39C4E3174E8F0B0081319C /* SenTestingKit.framework */ = {isa = PBXFileReference; lastKnownFileType = wrapper.framework; name = SenTestingKit.framework; path = Library/Frameworks/SenTestingKit.framework; sourceTree = DEVELOPER_DIR; };
		3A39C4EB174E8F0B0081319C /* NodeTests-Info.plist */ = {isa = PBXFileReference; lastKnownFileType = text.plist.xml; path = "NodeTests-Info.plist"; sourceTree = "<group>"; };
		3A39C4ED174E8F0B0081319C /* en */ = {isa = PBXFileReference; lastKnownFileType = text.plist.strings; name = en; path = en.lproj/InfoPlist.strings; sourceTree = "<group>"; };
		3A39C4EF174E8F0B0081319C /* NodeTests.h */ = {isa = PBXFileReference; lastKnownFileType = sourcecode.c.h; path = NodeTests.h; sourceTree = "<group>"; };
		3A39C4F0174E8F0B0081319C /* NodeTests.m */ = {isa = PBXFileReference; lastKnownFileType = sourcecode.c.objc; path = NodeTests.m; sourceTree = "<group>"; };
		3A39C4FA174E978E0081319C /* SoundStuff.h */ = {isa = PBXFileReference; fileEncoding = 4; lastKnownFileType = sourcecode.c.h; path = SoundStuff.h; sourceTree = "<group>"; };
		3A39C4FB174E978E0081319C /* SoundStuff.m */ = {isa = PBXFileReference; fileEncoding = 4; lastKnownFileType = sourcecode.c.objc; path = SoundStuff.m; sourceTree = "<group>"; };
		3A39C4FD174FB4280081319C /* AudioToolbox.framework */ = {isa = PBXFileReference; lastKnownFileType = wrapper.framework; name = AudioToolbox.framework; path = System/Library/Frameworks/AudioToolbox.framework; sourceTree = SDKROOT; };
		3A39C4FE174FB4280081319C /* AudioUnit.framework */ = {isa = PBXFileReference; lastKnownFileType = wrapper.framework; name = AudioUnit.framework; path = System/Library/Frameworks/AudioUnit.framework; sourceTree = SDKROOT; };
		3A39C4FF174FB4280081319C /* CoreAudio.framework */ = {isa = PBXFileReference; lastKnownFileType = wrapper.framework; name = CoreAudio.framework; path = System/Library/Frameworks/CoreAudio.framework; sourceTree = SDKROOT; };
		3A39C509175668640081319C /* Accelerate.framework */ = {isa = PBXFileReference; lastKnownFileType = wrapper.framework; name = Accelerate.framework; path = System/Library/Frameworks/Accelerate.framework; sourceTree = SDKROOT; };
		3A72827A1822E623005EEC1D /* 39.jpg */ = {isa = PBXFileReference; lastKnownFileType = image.jpeg; name = 39.jpg; path = scores/39.jpg; sourceTree = "<group>"; };
		3A72827B1822E623005EEC1D /* 40.jpg */ = {isa = PBXFileReference; lastKnownFileType = image.jpeg; name = 40.jpg; path = scores/40.jpg; sourceTree = "<group>"; };
		3A72827C1822E623005EEC1D /* 42.jpg */ = {isa = PBXFileReference; lastKnownFileType = image.jpeg; name = 42.jpg; path = scores/42.jpg; sourceTree = "<group>"; };
		3A72827D1822E623005EEC1D /* 44.jpg */ = {isa = PBXFileReference; lastKnownFileType = image.jpeg; name = 44.jpg; path = scores/44.jpg; sourceTree = "<group>"; };
		3A72827E1822E623005EEC1D /* 45.jpg */ = {isa = PBXFileReference; lastKnownFileType = image.jpeg; name = 45.jpg; path = scores/45.jpg; sourceTree = "<group>"; };
		3A72827F1822E623005EEC1D /* 47.jpg */ = {isa = PBXFileReference; lastKnownFileType = image.jpeg; name = 47.jpg; path = scores/47.jpg; sourceTree = "<group>"; };
		3A7282801822E623005EEC1D /* 49.jpg */ = {isa = PBXFileReference; lastKnownFileType = image.jpeg; name = 49.jpg; path = scores/49.jpg; sourceTree = "<group>"; };
		3A7282811822E623005EEC1D /* 51.jpg */ = {isa = PBXFileReference; lastKnownFileType = image.jpeg; name = 51.jpg; path = scores/51.jpg; sourceTree = "<group>"; };
		3A7282821822E623005EEC1D /* 52.jpg */ = {isa = PBXFileReference; lastKnownFileType = image.jpeg; name = 52.jpg; path = scores/52.jpg; sourceTree = "<group>"; };
		3A7282831822E623005EEC1D /* 54.jpg */ = {isa = PBXFileReference; lastKnownFileType = image.jpeg; name = 54.jpg; path = scores/54.jpg; sourceTree = "<group>"; };
		3A7282841822E623005EEC1D /* 56.jpg */ = {isa = PBXFileReference; lastKnownFileType = image.jpeg; name = 56.jpg; path = scores/56.jpg; sourceTree = "<group>"; };
		3A7282851822E623005EEC1D /* 57.jpg */ = {isa = PBXFileReference; lastKnownFileType = image.jpeg; name = 57.jpg; path = scores/57.jpg; sourceTree = "<group>"; };
		3A7282861822E623005EEC1D /* 59.jpg */ = {isa = PBXFileReference; lastKnownFileType = image.jpeg; name = 59.jpg; path = scores/59.jpg; sourceTree = "<group>"; };
		3A7282871822E623005EEC1D /* 61.jpg */ = {isa = PBXFileReference; lastKnownFileType = image.jpeg; name = 61.jpg; path = scores/61.jpg; sourceTree = "<group>"; };
		3A7282881822E623005EEC1D /* 63.jpg */ = {isa = PBXFileReference; lastKnownFileType = image.jpeg; name = 63.jpg; path = scores/63.jpg; sourceTree = "<group>"; };
		3A7282891822E623005EEC1D /* 64.jpg */ = {isa = PBXFileReference; lastKnownFileType = image.jpeg; name = 64.jpg; path = scores/64.jpg; sourceTree = "<group>"; };
		3A72828A1822E623005EEC1D /* 38.jpg */ = {isa = PBXFileReference; lastKnownFileType = image.jpeg; name = 38.jpg; path = scores/38.jpg; sourceTree = "<group>"; };
		3A72828B1822E623005EEC1D /* 50.jpg */ = {isa = PBXFileReference; lastKnownFileType = image.jpeg; name = 50.jpg; path = scores/50.jpg; sourceTree = "<group>"; };
		3A72828C1822E623005EEC1D /* 62.jpg */ = {isa = PBXFileReference; lastKnownFileType = image.jpeg; name = 62.jpg; path = scores/62.jpg; sourceTree = "<group>"; };
		3A72828D1822E623005EEC1D /* 41.jpg */ = {isa = PBXFileReference; lastKnownFileType = image.jpeg; name = 41.jpg; path = scores/41.jpg; sourceTree = "<group>"; };
		3A72828E1822E623005EEC1D /* 43.jpg */ = {isa = PBXFileReference; lastKnownFileType = image.jpeg; name = 43.jpg; path = scores/43.jpg; sourceTree = "<group>"; };
		3A72828F1822E623005EEC1D /* 46.jpg */ = {isa = PBXFileReference; lastKnownFileType = image.jpeg; name = 46.jpg; path = scores/46.jpg; sourceTree = "<group>"; };
		3A7282901822E623005EEC1D /* 48.jpg */ = {isa = PBXFileReference; lastKnownFileType = image.jpeg; name = 48.jpg; path = scores/48.jpg; sourceTree = "<group>"; };
		3A7282911822E623005EEC1D /* 53.jpg */ = {isa = PBXFileReference; lastKnownFileType = image.jpeg; name = 53.jpg; path = scores/53.jpg; sourceTree = "<group>"; };
		3A7282921822E623005EEC1D /* 55.jpg */ = {isa = PBXFileReference; lastKnownFileType = image.jpeg; name = 55.jpg; path = scores/55.jpg; sourceTree = "<group>"; };
		3A7282931822E623005EEC1D /* 58.jpg */ = {isa = PBXFileReference; lastKnownFileType = image.jpeg; name = 58.jpg; path = scores/58.jpg; sourceTree = "<group>"; };
		3A7282941822E623005EEC1D /* 60.jpg */ = {isa = PBXFileReference; lastKnownFileType = image.jpeg; name = 60.jpg; path = scores/60.jpg; sourceTree = "<group>"; };
		3A7282951822E623005EEC1D /* 65.jpg */ = {isa = PBXFileReference; lastKnownFileType = image.jpeg; name = 65.jpg; path = scores/65.jpg; sourceTree = "<group>"; };
/* End PBXFileReference section */

/* Begin PBXFrameworksBuildPhase section */
		3A39C4B6174E8F090081319C /* Frameworks */ = {
			isa = PBXFrameworksBuildPhase;
			buildActionMask = 2147483647;
			files = (
				3A39C50A175668640081319C /* Accelerate.framework in Frameworks */,
				3A39C500174FB4280081319C /* AudioToolbox.framework in Frameworks */,
				3A39C502174FB4280081319C /* CoreAudio.framework in Frameworks */,
				3A39C4BD174E8F0A0081319C /* UIKit.framework in Frameworks */,
				3A39C4BF174E8F0A0081319C /* Foundation.framework in Frameworks */,
				3A39C4C1174E8F0A0081319C /* CoreGraphics.framework in Frameworks */,
			);
			runOnlyForDeploymentPostprocessing = 0;
		};
		3A39C4DE174E8F0B0081319C /* Frameworks */ = {
			isa = PBXFrameworksBuildPhase;
			buildActionMask = 2147483647;
			files = (
				3A39C4E4174E8F0B0081319C /* SenTestingKit.framework in Frameworks */,
				3A39C4E5174E8F0B0081319C /* UIKit.framework in Frameworks */,
				3A39C4E6174E8F0B0081319C /* Foundation.framework in Frameworks */,
			);
			runOnlyForDeploymentPostprocessing = 0;
		};
/* End PBXFrameworksBuildPhase section */

/* Begin PBXGroup section */
		3A0E8B18181990FB0029EC70 /* Scores */ = {
			isa = PBXGroup;
			children = (
				3A72828A1822E623005EEC1D /* 38.jpg */,
				3A72827A1822E623005EEC1D /* 39.jpg */,
				3A72827B1822E623005EEC1D /* 40.jpg */,
				3A72828D1822E623005EEC1D /* 41.jpg */,
				3A72827C1822E623005EEC1D /* 42.jpg */,
				3A72828E1822E623005EEC1D /* 43.jpg */,
				3A72827D1822E623005EEC1D /* 44.jpg */,
				3A72827E1822E623005EEC1D /* 45.jpg */,
				3A72828F1822E623005EEC1D /* 46.jpg */,
				3A72827F1822E623005EEC1D /* 47.jpg */,
				3A7282901822E623005EEC1D /* 48.jpg */,
				3A7282801822E623005EEC1D /* 49.jpg */,
				3A72828B1822E623005EEC1D /* 50.jpg */,
				3A7282811822E623005EEC1D /* 51.jpg */,
				3A7282821822E623005EEC1D /* 52.jpg */,
				3A7282911822E623005EEC1D /* 53.jpg */,
				3A7282831822E623005EEC1D /* 54.jpg */,
				3A7282921822E623005EEC1D /* 55.jpg */,
				3A7282841822E623005EEC1D /* 56.jpg */,
				3A7282851822E623005EEC1D /* 57.jpg */,
				3A7282931822E623005EEC1D /* 58.jpg */,
				3A7282861822E623005EEC1D /* 59.jpg */,
				3A7282941822E623005EEC1D /* 60.jpg */,
				3A7282871822E623005EEC1D /* 61.jpg */,
				3A72828C1822E623005EEC1D /* 62.jpg */,
				3A7282881822E623005EEC1D /* 63.jpg */,
				3A7282891822E623005EEC1D /* 64.jpg */,
				3A7282951822E623005EEC1D /* 65.jpg */,
			);
			name = Scores;
			sourceTree = "<group>";
		};
		3A39C4B0174E8F090081319C = {
			isa = PBXGroup;
			children = (
				3A0E8B1B181995290029EC70 /* Default-568h@2x.png */,
				3A39C4C2174E8F0A0081319C /* Node */,
				3A39C4E9174E8F0B0081319C /* NodeTests */,
				3A39C4BB174E8F090081319C /* Frameworks */,
				3A39C4BA174E8F090081319C /* Products */,
			);
			sourceTree = "<group>";
		};
		3A39C4BA174E8F090081319C /* Products */ = {
			isa = PBXGroup;
			children = (
				3A39C4B9174E8F090081319C /* Node.app */,
				3A39C4E2174E8F0B0081319C /* NodeTests.octest */,
			);
			name = Products;
			sourceTree = "<group>";
		};
		3A39C4BB174E8F090081319C /* Frameworks */ = {
			isa = PBXGroup;
			children = (
				3A39C509175668640081319C /* Accelerate.framework */,
				3A39C4FD174FB4280081319C /* AudioToolbox.framework */,
				3A39C4FE174FB4280081319C /* AudioUnit.framework */,
				3A39C4FF174FB4280081319C /* CoreAudio.framework */,
				3A39C4BC174E8F090081319C /* UIKit.framework */,
				3A39C4BE174E8F0A0081319C /* Foundation.framework */,
				3A39C4C0174E8F0A0081319C /* CoreGraphics.framework */,
				3A39C4E3174E8F0B0081319C /* SenTestingKit.framework */,
			);
			name = Frameworks;
			sourceTree = "<group>";
		};
		3A39C4C2174E8F0A0081319C /* Node */ = {
			isa = PBXGroup;
			children = (
				3A0E8B18181990FB0029EC70 /* Scores */,
				3A39C4CB174E8F0A0081319C /* AppDelegate.h */,
				3A39C4CC174E8F0A0081319C /* AppDelegate.m */,
				3A39C4D4174E8F0A0081319C /* MainStoryboard_iPhone.storyboard */,
				3A39C4FA174E978E0081319C /* SoundStuff.h */,
				3A39C4FB174E978E0081319C /* SoundStuff.m */,
				3A39C4C3174E8F0A0081319C /* Supporting Files */,
				3A39C4DA174E8F0A0081319C /* ViewController.h */,
				3A39C4DB174E8F0A0081319C /* ViewController.m */,
				3A0E8B21181ADDFE0029EC70 /* Notes.h */,
				3A0E8B22181ADDFE0029EC70 /* Notes.m */,
			);
			path = Node;
			sourceTree = "<group>";
		};
		3A39C4C3174E8F0A0081319C /* Supporting Files */ = {
			isa = PBXGroup;
			children = (
				3A39C4C4174E8F0A0081319C /* Node-Info.plist */,
				3A39C4C5174E8F0A0081319C /* InfoPlist.strings */,
				3A39C4C8174E8F0A0081319C /* main.m */,
				3A39C4CA174E8F0A0081319C /* Node-Prefix.pch */,
			);
			name = "Supporting Files";
			sourceTree = "<group>";
		};
		3A39C4E9174E8F0B0081319C /* NodeTests */ = {
			isa = PBXGroup;
			children = (
				3A39C4EF174E8F0B0081319C /* NodeTests.h */,
				3A39C4F0174E8F0B0081319C /* NodeTests.m */,
				3A39C4EA174E8F0B0081319C /* Supporting Files */,
			);
			path = NodeTests;
			sourceTree = "<group>";
		};
		3A39C4EA174E8F0B0081319C /* Supporting Files */ = {
			isa = PBXGroup;
			children = (
				3A39C4EB174E8F0B0081319C /* NodeTests-Info.plist */,
				3A39C4EC174E8F0B0081319C /* InfoPlist.strings */,
			);
			name = "Supporting Files";
			sourceTree = "<group>";
		};
/* End PBXGroup section */

/* Begin PBXNativeTarget section */
		3A39C4B8174E8F090081319C /* Node */ = {
			isa = PBXNativeTarget;
			buildConfigurationList = 3A39C4F4174E8F0B0081319C /* Build configuration list for PBXNativeTarget "Node" */;
			buildPhases = (
				3A39C4B5174E8F090081319C /* Sources */,
				3A39C4B6174E8F090081319C /* Frameworks */,
				3A39C4B7174E8F090081319C /* Resources */,
			);
			buildRules = (
			);
			dependencies = (
			);
			name = Node;
			productName = Node;
			productReference = 3A39C4B9174E8F090081319C /* Node.app */;
			productType = "com.apple.product-type.application";
		};
		3A39C4E1174E8F0B0081319C /* NodeTests */ = {
			isa = PBXNativeTarget;
			buildConfigurationList = 3A39C4F7174E8F0B0081319C /* Build configuration list for PBXNativeTarget "NodeTests" */;
			buildPhases = (
				3A39C4DD174E8F0B0081319C /* Sources */,
				3A39C4DE174E8F0B0081319C /* Frameworks */,
				3A39C4DF174E8F0B0081319C /* Resources */,
				3A39C4E0174E8F0B0081319C /* ShellScript */,
			);
			buildRules = (
			);
			dependencies = (
				3A39C4E8174E8F0B0081319C /* PBXTargetDependency */,
			);
			name = NodeTests;
			productName = NodeTests;
			productReference = 3A39C4E2174E8F0B0081319C /* NodeTests.octest */;
			productType = "com.apple.product-type.bundle";
		};
/* End PBXNativeTarget section */

/* Begin PBXProject section */
		3A39C4B1174E8F090081319C /* Project object */ = {
			isa = PBXProject;
			attributes = {
				LastUpgradeCheck = 0460;
				ORGANIZATIONNAME = "Hans Kyndesgaard";
			};
			buildConfigurationList = 3A39C4B4174E8F090081319C /* Build configuration list for PBXProject "Node" */;
			compatibilityVersion = "Xcode 3.2";
			developmentRegion = English;
			hasScannedForEncodings = 0;
			knownRegions = (
				en,
			);
			mainGroup = 3A39C4B0174E8F090081319C;
			productRefGroup = 3A39C4BA174E8F090081319C /* Products */;
			projectDirPath = "";
			projectRoot = "";
			targets = (
				3A39C4B8174E8F090081319C /* Node */,
				3A39C4E1174E8F0B0081319C /* NodeTests */,
			);
		};
/* End PBXProject section */

/* Begin PBXResourcesBuildPhase section */
		3A39C4B7174E8F090081319C /* Resources */ = {
			isa = PBXResourcesBuildPhase;
			buildActionMask = 2147483647;
			files = (
				3A7282A91822E623005EEC1D /* 41.jpg in Resources */,
				3A39C4C7174E8F0A0081319C /* InfoPlist.strings in Resources */,
				3A7282A11822E623005EEC1D /* 57.jpg in Resources */,
				3A7282A81822E623005EEC1D /* 62.jpg in Resources */,
				3A7282AA1822E623005EEC1D /* 43.jpg in Resources */,
				3A72829C1822E623005EEC1D /* 49.jpg in Resources */,
				3A7282AB1822E623005EEC1D /* 46.jpg in Resources */,
				3A7282971822E623005EEC1D /* 40.jpg in Resources */,
				3A7282961822E623005EEC1D /* 39.jpg in Resources */,
				3A0E8B1C181995290029EC70 /* Default-568h@2x.png in Resources */,
				3A72829D1822E623005EEC1D /* 51.jpg in Resources */,
				3A7282A21822E623005EEC1D /* 59.jpg in Resources */,
				3A72829B1822E623005EEC1D /* 47.jpg in Resources */,
				3A7282AC1822E623005EEC1D /* 48.jpg in Resources */,
				3A72829F1822E623005EEC1D /* 54.jpg in Resources */,
				3A7282981822E623005EEC1D /* 42.jpg in Resources */,
				3A7282B01822E623005EEC1D /* 60.jpg in Resources */,
				3A7282A01822E623005EEC1D /* 56.jpg in Resources */,
				3A7282AF1822E623005EEC1D /* 58.jpg in Resources */,
				3A72829A1822E623005EEC1D /* 45.jpg in Resources */,
				3A7282A41822E623005EEC1D /* 63.jpg in Resources */,
				3A7282991822E623005EEC1D /* 44.jpg in Resources */,
				3A72829E1822E623005EEC1D /* 52.jpg in Resources */,
				3A7282A71822E623005EEC1D /* 50.jpg in Resources */,
				3A7282AD1822E623005EEC1D /* 53.jpg in Resources */,
				3A7282AE1822E623005EEC1D /* 55.jpg in Resources */,
				3A7282B11822E623005EEC1D /* 65.jpg in Resources */,
				3A7282A61822E623005EEC1D /* 38.jpg in Resources */,
				3A7282A51822E623005EEC1D /* 64.jpg in Resources */,
				3A7282A31822E623005EEC1D /* 61.jpg in Resources */,
				3A39C4D6174E8F0A0081319C /* MainStoryboard_iPhone.storyboard in Resources */,
			);
			runOnlyForDeploymentPostprocessing = 0;
		};
		3A39C4DF174E8F0B0081319C /* Resources */ = {
			isa = PBXResourcesBuildPhase;
			buildActionMask = 2147483647;
			files = (
				3A39C4EE174E8F0B0081319C /* InfoPlist.strings in Resources */,
			);
			runOnlyForDeploymentPostprocessing = 0;
		};
/* End PBXResourcesBuildPhase section */

/* Begin PBXShellScriptBuildPhase section */
		3A39C4E0174E8F0B0081319C /* ShellScript */ = {
			isa = PBXShellScriptBuildPhase;
			buildActionMask = 2147483647;
			files = (
			);
			inputPaths = (
			);
			outputPaths = (
			);
			runOnlyForDeploymentPostprocessing = 0;
			shellPath = /bin/sh;
			shellScript = "# Run the unit tests in this test bundle.\n\"${SYSTEM_DEVELOPER_DIR}/Tools/RunUnitTests\"\n";
		};
/* End PBXShellScriptBuildPhase section */

/* Begin PBXSourcesBuildPhase section */
		3A39C4B5174E8F090081319C /* Sources */ = {
			isa = PBXSourcesBuildPhase;
			buildActionMask = 2147483647;
			files = (
				3A39C4C9174E8F0A0081319C /* main.m in Sources */,
				3A0E8B23181ADDFE0029EC70 /* Notes.m in Sources */,
				3A39C4CD174E8F0A0081319C /* AppDelegate.m in Sources */,
				3A39C4DC174E8F0A0081319C /* ViewController.m in Sources */,
				3A39C4FC174E978E0081319C /* SoundStuff.m in Sources */,
			);
			runOnlyForDeploymentPostprocessing = 0;
		};
		3A39C4DD174E8F0B0081319C /* Sources */ = {
			isa = PBXSourcesBuildPhase;
			buildActionMask = 2147483647;
			files = (
				3A39C4F1174E8F0B0081319C /* NodeTests.m in Sources */,
			);
			runOnlyForDeploymentPostprocessing = 0;
		};
/* End PBXSourcesBuildPhase section */

/* Begin PBXTargetDependency section */
		3A39C4E8174E8F0B0081319C /* PBXTargetDependency */ = {
			isa = PBXTargetDependency;
			target = 3A39C4B8174E8F090081319C /* Node */;
			targetProxy = 3A39C4E7174E8F0B0081319C /* PBXContainerItemProxy */;
		};
/* End PBXTargetDependency section */

/* Begin PBXVariantGroup section */
		3A39C4C5174E8F0A0081319C /* InfoPlist.strings */ = {
			isa = PBXVariantGroup;
			children = (
				3A39C4C6174E8F0A0081319C /* en */,
			);
			name = InfoPlist.strings;
			sourceTree = "<group>";
		};
		3A39C4D4174E8F0A0081319C /* MainStoryboard_iPhone.storyboard */ = {
			isa = PBXVariantGroup;
			children = (
				3A39C4D5174E8F0A0081319C /* en */,
			);
			name = MainStoryboard_iPhone.storyboard;
			sourceTree = "<group>";
		};
		3A39C4EC174E8F0B0081319C /* InfoPlist.strings */ = {
			isa = PBXVariantGroup;
			children = (
				3A39C4ED174E8F0B0081319C /* en */,
			);
			name = InfoPlist.strings;
			sourceTree = "<group>";
		};
/* End PBXVariantGroup section */

/* Begin XCBuildConfiguration section */
		3A39C4F2174E8F0B0081319C /* Debug */ = {
			isa = XCBuildConfiguration;
			buildSettings = {
				ALWAYS_SEARCH_USER_PATHS = NO;
				CLANG_CXX_LANGUAGE_STANDARD = "gnu++0x";
				CLANG_CXX_LIBRARY = "libc++";
				CLANG_ENABLE_OBJC_ARC = YES;
				CLANG_WARN_CONSTANT_CONVERSION = YES;
				CLANG_WARN_EMPTY_BODY = YES;
				CLANG_WARN_ENUM_CONVERSION = YES;
				CLANG_WARN_INT_CONVERSION = YES;
				CLANG_WARN__DUPLICATE_METHOD_MATCH = YES;
				"CODE_SIGN_IDENTITY[sdk=iphoneos*]" = "iPhone Developer";
				COPY_PHASE_STRIP = NO;
				GCC_C_LANGUAGE_STANDARD = gnu99;
				GCC_DYNAMIC_NO_PIC = NO;
				GCC_OPTIMIZATION_LEVEL = 0;
				GCC_PREPROCESSOR_DEFINITIONS = (
					"DEBUG=1",
					"$(inherited)",
				);
				GCC_SYMBOLS_PRIVATE_EXTERN = NO;
				GCC_WARN_ABOUT_RETURN_TYPE = YES;
				GCC_WARN_UNINITIALIZED_AUTOS = YES;
				GCC_WARN_UNUSED_VARIABLE = YES;
				IPHONEOS_DEPLOYMENT_TARGET = 6.1;
				ONLY_ACTIVE_ARCH = YES;
				SDKROOT = iphoneos;
				TARGETED_DEVICE_FAMILY = "1,2";
			};
			name = Debug;
		};
		3A39C4F3174E8F0B0081319C /* Release */ = {
			isa = XCBuildConfiguration;
			buildSettings = {
				ALWAYS_SEARCH_USER_PATHS = NO;
				CLANG_CXX_LANGUAGE_STANDARD = "gnu++0x";
				CLANG_CXX_LIBRARY = "libc++";
				CLANG_ENABLE_OBJC_ARC = YES;
				CLANG_WARN_CONSTANT_CONVERSION = YES;
				CLANG_WARN_EMPTY_BODY = YES;
				CLANG_WARN_ENUM_CONVERSION = YES;
				CLANG_WARN_INT_CONVERSION = YES;
				CLANG_WARN__DUPLICATE_METHOD_MATCH = YES;
				"CODE_SIGN_IDENTITY[sdk=iphoneos*]" = "iPhone Developer";
				COPY_PHASE_STRIP = YES;
				GCC_C_LANGUAGE_STANDARD = gnu99;
				GCC_WARN_ABOUT_RETURN_TYPE = YES;
				GCC_WARN_UNINITIALIZED_AUTOS = YES;
				GCC_WARN_UNUSED_VARIABLE = YES;
				IPHONEOS_DEPLOYMENT_TARGET = 6.1;
				OTHER_CFLAGS = "-DNS_BLOCK_ASSERTIONS=1";
				SDKROOT = iphoneos;
				TARGETED_DEVICE_FAMILY = "1,2";
				VALIDATE_PRODUCT = YES;
			};
			name = Release;
		};
		3A39C4F5174E8F0B0081319C /* Debug */ = {
			isa = XCBuildConfiguration;
			buildSettings = {
				GCC_PRECOMPILE_PREFIX_HEADER = YES;
				GCC_PREFIX_HEADER = "Node/Node-Prefix.pch";
				INFOPLIST_FILE = "Node/Node-Info.plist";
				PRODUCT_NAME = "$(TARGET_NAME)";
				TARGETED_DEVICE_FAMILY = 1;
				WRAPPER_EXTENSION = app;
			};
			name = Debug;
		};
		3A39C4F6174E8F0B0081319C /* Release */ = {
			isa = XCBuildConfiguration;
			buildSettings = {
				GCC_PRECOMPILE_PREFIX_HEADER = YES;
				GCC_PREFIX_HEADER = "Node/Node-Prefix.pch";
				INFOPLIST_FILE = "Node/Node-Info.plist";
				PRODUCT_NAME = "$(TARGET_NAME)";
				TARGETED_DEVICE_FAMILY = 1;
				WRAPPER_EXTENSION = app;
			};
			name = Release;
		};
		3A39C4F8174E8F0B0081319C /* Debug */ = {
			isa = XCBuildConfiguration;
			buildSettings = {
				BUNDLE_LOADER = "$(BUILT_PRODUCTS_DIR)/Node.app/Node";
				FRAMEWORK_SEARCH_PATHS = (
					"\"$(SDKROOT)/Developer/Library/Frameworks\"",
					"\"$(DEVELOPER_LIBRARY_DIR)/Frameworks\"",
				);
				GCC_PRECOMPILE_PREFIX_HEADER = YES;
				GCC_PREFIX_HEADER = "Node/Node-Prefix.pch";
				INFOPLIST_FILE = "NodeTests/NodeTests-Info.plist";
				PRODUCT_NAME = "$(TARGET_NAME)";
				TEST_HOST = "$(BUNDLE_LOADER)";
				WRAPPER_EXTENSION = octest;
			};
			name = Debug;
		};
		3A39C4F9174E8F0B0081319C /* Release */ = {
			isa = XCBuildConfiguration;
			buildSettings = {
				BUNDLE_LOADER = "$(BUILT_PRODUCTS_DIR)/Node.app/Node";
				FRAMEWORK_SEARCH_PATHS = (
					"\"$(SDKROOT)/Developer/Library/Frameworks\"",
					"\"$(DEVELOPER_LIBRARY_DIR)/Frameworks\"",
				);
				GCC_PRECOMPILE_PREFIX_HEADER = YES;
				GCC_PREFIX_HEADER = "Node/Node-Prefix.pch";
				INFOPLIST_FILE = "NodeTests/NodeTests-Info.plist";
				PRODUCT_NAME = "$(TARGET_NAME)";
				TEST_HOST = "$(BUNDLE_LOADER)";
				WRAPPER_EXTENSION = octest;
			};
			name = Release;
		};
/* End XCBuildConfiguration section */

/* Begin XCConfigurationList section */
		3A39C4B4174E8F090081319C /* Build configuration list for PBXProject "Node" */ = {
			isa = XCConfigurationList;
			buildConfigurations = (
				3A39C4F2174E8F0B0081319C /* Debug */,
				3A39C4F3174E8F0B0081319C /* Release */,
			);
			defaultConfigurationIsVisible = 0;
			defaultConfigurationName = Release;
		};
		3A39C4F4174E8F0B0081319C /* Build configuration list for PBXNativeTarget "Node" */ = {
			isa = XCConfigurationList;
			buildConfigurations = (
				3A39C4F5174E8F0B0081319C /* Debug */,
				3A39C4F6174E8F0B0081319C /* Release */,
			);
			defaultConfigurationIsVisible = 0;
			defaultConfigurationName = Release;
		};
		3A39C4F7174E8F0B0081319C /* Build configuration list for PBXNativeTarget "NodeTests" */ = {
			isa = XCConfigurationList;
			buildConfigurations = (
				3A39C4F8174E8F0B0081319C /* Debug */,
				3A39C4F9174E8F0B0081319C /* Release */,
			);
			defaultConfigurationIsVisible = 0;
			defaultConfigurationName = Release;
		};
/* End XCConfigurationList section */
	};
	rootObject = 3A39C4B1174E8F090081319C /* Project object */;
}
