// !$*UTF8*$!
{
	archiveVersion = 1;
	classes = {
	};
	objectVersion = 46;
	objects = {

/* Begin PBXBuildFile section */
		3A0E8B1C181995290029EC70 /* Default-568h@2x.png in Resources */ = {isa = PBXBuildFile; fileRef = 3A0E8B1B181995290029EC70 /* Default-568h@2x.png */; };
		3A0E8B23181ADDFE0029EC70 /* Notes.m in Sources */ = {isa = PBXBuildFile; fileRef = 3A0E8B22181ADDFE0029EC70 /* Notes.m */; };
		3A39C4BD174E8F0A0081319C /* UIKit.framework in Frameworks */ = {isa = PBXBuildFile; fileRef = 3A39C4BC174E8F090081319C /* UIKit.framework */; };
		3A39C4BF174E8F0A0081319C /* Foundation.framework in Frameworks */ = {isa = PBXBuildFile; fileRef = 3A39C4BE174E8F0A0081319C /* Foundation.framework */; };
		3A39C4C1174E8F0A0081319C /* CoreGraphics.framework in Frameworks */ = {isa = PBXBuildFile; fileRef = 3A39C4C0174E8F0A0081319C /* CoreGraphics.framework */; };
		3A39C4C7174E8F0A0081319C /* InfoPlist.strings in Resources */ = {isa = PBXBuildFile; fileRef = 3A39C4C5174E8F0A0081319C /* InfoPlist.strings */; };
		3A39C4C9174E8F0A0081319C /* main.m in Sources */ = {isa = PBXBuildFile; fileRef = 3A39C4C8174E8F0A0081319C /* main.m */; };
		3A39C4CD174E8F0A0081319C /* AppDelegate.m in Sources */ = {isa = PBXBuildFile; fileRef = 3A39C4CC174E8F0A0081319C /* AppDelegate.m */; };
		3A39C4D6174E8F0A0081319C /* MainStoryboard_iPhone.storyboard in Resources */ = {isa = PBXBuildFile; fileRef = 3A39C4D4174E8F0A0081319C /* MainStoryboard_iPhone.storyboard */; };
		3A39C4DC174E8F0A0081319C /* ViewController.m in Sources */ = {isa = PBXBuildFile; fileRef = 3A39C4DB174E8F0A0081319C /* ViewController.m */; };
		3A39C4E4174E8F0B0081319C /* SenTestingKit.framework in Frameworks */ = {isa = PBXBuildFile; fileRef = 3A39C4E3174E8F0B0081319C /* SenTestingKit.framework */; };
		3A39C4E5174E8F0B0081319C /* UIKit.framework in Frameworks */ = {isa = PBXBuildFile; fileRef = 3A39C4BC174E8F090081319C /* UIKit.framework */; };
		3A39C4E6174E8F0B0081319C /* Foundation.framework in Frameworks */ = {isa = PBXBuildFile; fileRef = 3A39C4BE174E8F0A0081319C /* Foundation.framework */; };
		3A39C4EE174E8F0B0081319C /* InfoPlist.strings in Resources */ = {isa = PBXBuildFile; fileRef = 3A39C4EC174E8F0B0081319C /* InfoPlist.strings */; };
		3A39C4F1174E8F0B0081319C /* NodeTests.m in Sources */ = {isa = PBXBuildFile; fileRef = 3A39C4F0174E8F0B0081319C /* NodeTests.m */; };
		3A39C4FC174E978E0081319C /* SoundStuff.m in Sources */ = {isa = PBXBuildFile; fileRef = 3A39C4FB174E978E0081319C /* SoundStuff.m */; };
		3A39C500174FB4280081319C /* AudioToolbox.framework in Frameworks */ = {isa = PBXBuildFile; fileRef = 3A39C4FD174FB4280081319C /* AudioToolbox.framework */; };
		3A39C502174FB4280081319C /* CoreAudio.framework in Frameworks */ = {isa = PBXBuildFile; fileRef = 3A39C4FF174FB4280081319C /* CoreAudio.framework */; };
		3A39C50A175668640081319C /* Accelerate.framework in Frameworks */ = {isa = PBXBuildFile; fileRef = 3A39C509175668640081319C /* Accelerate.framework */; };
		3A9F16A4182828F500C89110 /* AVFoundation.framework in Frameworks */ = {isa = PBXBuildFile; fileRef = 3A9F16A3182828F500C89110 /* AVFoundation.framework */; };
		3AFA0FFD18367E9C00FE19A5 /* B16.tif in Resources */ = {isa = PBXBuildFile; fileRef = 3AFA0FE118367E9C00FE19A5 /* B16.tif */; };
		3AFA0FFE18367E9C00FE19A5 /* B17.tif in Resources */ = {isa = PBXBuildFile; fileRef = 3AFA0FE218367E9C00FE19A5 /* B17.tif */; };
		3AFA0FFF18367E9C00FE19A5 /* B18.tif in Resources */ = {isa = PBXBuildFile; fileRef = 3AFA0FE318367E9C00FE19A5 /* B18.tif */; };
		3AFA100018367E9C00FE19A5 /* B19.tif in Resources */ = {isa = PBXBuildFile; fileRef = 3AFA0FE418367E9C00FE19A5 /* B19.tif */; };
		3AFA100118367E9C00FE19A5 /* B20.tif in Resources */ = {isa = PBXBuildFile; fileRef = 3AFA0FE518367E9C00FE19A5 /* B20.tif */; };
		3AFA100218367E9C00FE19A5 /* B21.tif in Resources */ = {isa = PBXBuildFile; fileRef = 3AFA0FE618367E9C00FE19A5 /* B21.tif */; };
		3AFA100318367E9C00FE19A5 /* B22.tif in Resources */ = {isa = PBXBuildFile; fileRef = 3AFA0FE718367E9C00FE19A5 /* B22.tif */; };
		3AFA100418367E9C00FE19A5 /* B23.tif in Resources */ = {isa = PBXBuildFile; fileRef = 3AFA0FE818367E9C00FE19A5 /* B23.tif */; };
		3AFA100518367E9C00FE19A5 /* B24.tif in Resources */ = {isa = PBXBuildFile; fileRef = 3AFA0FE918367E9C00FE19A5 /* B24.tif */; };
		3AFA100618367E9C00FE19A5 /* B25.tif in Resources */ = {isa = PBXBuildFile; fileRef = 3AFA0FEA18367E9C00FE19A5 /* B25.tif */; };
		3AFA100718367E9C00FE19A5 /* B26.tif in Resources */ = {isa = PBXBuildFile; fileRef = 3AFA0FEB18367E9C00FE19A5 /* B26.tif */; };
		3AFA100818367E9C00FE19A5 /* B27.tif in Resources */ = {isa = PBXBuildFile; fileRef = 3AFA0FEC18367E9C00FE19A5 /* B27.tif */; };
		3AFA100918367E9C00FE19A5 /* B28.tif in Resources */ = {isa = PBXBuildFile; fileRef = 3AFA0FED18367E9C00FE19A5 /* B28.tif */; };
		3AFA100A18367E9C00FE19A5 /* B29.tif in Resources */ = {isa = PBXBuildFile; fileRef = 3AFA0FEE18367E9C00FE19A5 /* B29.tif */; };
		3AFA100B18367E9C00FE19A5 /* B30.tif in Resources */ = {isa = PBXBuildFile; fileRef = 3AFA0FEF18367E9C00FE19A5 /* B30.tif */; };
		3AFA100C18367E9C00FE19A5 /* B31.tif in Resources */ = {isa = PBXBuildFile; fileRef = 3AFA0FF018367E9C00FE19A5 /* B31.tif */; };
		3AFA100D18367E9C00FE19A5 /* B32.tif in Resources */ = {isa = PBXBuildFile; fileRef = 3AFA0FF118367E9C00FE19A5 /* B32.tif */; };
		3AFA100E18367E9C00FE19A5 /* B33.tif in Resources */ = {isa = PBXBuildFile; fileRef = 3AFA0FF218367E9C00FE19A5 /* B33.tif */; };
		3AFA100F18367E9C00FE19A5 /* B34.tif in Resources */ = {isa = PBXBuildFile; fileRef = 3AFA0FF318367E9C00FE19A5 /* B34.tif */; };
		3AFA101018367E9C00FE19A5 /* B35.tif in Resources */ = {isa = PBXBuildFile; fileRef = 3AFA0FF418367E9C00FE19A5 /* B35.tif */; };
		3AFA101118367E9C00FE19A5 /* B36.tif in Resources */ = {isa = PBXBuildFile; fileRef = 3AFA0FF518367E9C00FE19A5 /* B36.tif */; };
		3AFA101218367E9C00FE19A5 /* B37.tif in Resources */ = {isa = PBXBuildFile; fileRef = 3AFA0FF618367E9C00FE19A5 /* B37.tif */; };
		3AFA101318367E9C00FE19A5 /* B38.tif in Resources */ = {isa = PBXBuildFile; fileRef = 3AFA0FF718367E9C00FE19A5 /* B38.tif */; };
		3AFA101418367E9C00FE19A5 /* B39.tif in Resources */ = {isa = PBXBuildFile; fileRef = 3AFA0FF818367E9C00FE19A5 /* B39.tif */; };
		3AFA101518367E9C00FE19A5 /* B40.tif in Resources */ = {isa = PBXBuildFile; fileRef = 3AFA0FF918367E9C00FE19A5 /* B40.tif */; };
		3AFA101618367E9C00FE19A5 /* B41.tif in Resources */ = {isa = PBXBuildFile; fileRef = 3AFA0FFA18367E9C00FE19A5 /* B41.tif */; };
		3AFA101718367E9C00FE19A5 /* B42.tif in Resources */ = {isa = PBXBuildFile; fileRef = 3AFA0FFB18367E9C00FE19A5 /* B42.tif */; };
		3AFA101818367E9C00FE19A5 /* B43.tif in Resources */ = {isa = PBXBuildFile; fileRef = 3AFA0FFC18367E9C00FE19A5 /* B43.tif */; };
		3AFA10351836A1B800FE19A5 /* T37.tif in Resources */ = {isa = PBXBuildFile; fileRef = 3AFA10191836A1B800FE19A5 /* T37.tif */; };
		3AFA10361836A1B800FE19A5 /* T38.tif in Resources */ = {isa = PBXBuildFile; fileRef = 3AFA101A1836A1B800FE19A5 /* T38.tif */; };
		3AFA10371836A1B800FE19A5 /* T39.tif in Resources */ = {isa = PBXBuildFile; fileRef = 3AFA101B1836A1B800FE19A5 /* T39.tif */; };
		3AFA10381836A1B800FE19A5 /* T40.tif in Resources */ = {isa = PBXBuildFile; fileRef = 3AFA101C1836A1B800FE19A5 /* T40.tif */; };
		3AFA10391836A1B800FE19A5 /* T41.tif in Resources */ = {isa = PBXBuildFile; fileRef = 3AFA101D1836A1B800FE19A5 /* T41.tif */; };
		3AFA103A1836A1B800FE19A5 /* T42.tif in Resources */ = {isa = PBXBuildFile; fileRef = 3AFA101E1836A1B800FE19A5 /* T42.tif */; };
		3AFA103B1836A1B800FE19A5 /* T43.tif in Resources */ = {isa = PBXBuildFile; fileRef = 3AFA101F1836A1B800FE19A5 /* T43.tif */; };
		3AFA103C1836A1B800FE19A5 /* T44.tif in Resources */ = {isa = PBXBuildFile; fileRef = 3AFA10201836A1B800FE19A5 /* T44.tif */; };
		3AFA103D1836A1B800FE19A5 /* T45.tif in Resources */ = {isa = PBXBuildFile; fileRef = 3AFA10211836A1B800FE19A5 /* T45.tif */; };
		3AFA103E1836A1B800FE19A5 /* T46.tif in Resources */ = {isa = PBXBuildFile; fileRef = 3AFA10221836A1B800FE19A5 /* T46.tif */; };
		3AFA103F1836A1B800FE19A5 /* T47.tif in Resources */ = {isa = PBXBuildFile; fileRef = 3AFA10231836A1B800FE19A5 /* T47.tif */; };
		3AFA10401836A1B800FE19A5 /* T48.tif in Resources */ = {isa = PBXBuildFile; fileRef = 3AFA10241836A1B800FE19A5 /* T48.tif */; };
		3AFA10411836A1B800FE19A5 /* T49.tif in Resources */ = {isa = PBXBuildFile; fileRef = 3AFA10251836A1B800FE19A5 /* T49.tif */; };
		3AFA10421836A1B800FE19A5 /* T50.tif in Resources */ = {isa = PBXBuildFile; fileRef = 3AFA10261836A1B800FE19A5 /* T50.tif */; };
		3AFA10431836A1B800FE19A5 /* T51.tif in Resources */ = {isa = PBXBuildFile; fileRef = 3AFA10271836A1B800FE19A5 /* T51.tif */; };
		3AFA10441836A1B800FE19A5 /* T52.tif in Resources */ = {isa = PBXBuildFile; fileRef = 3AFA10281836A1B800FE19A5 /* T52.tif */; };
		3AFA10451836A1B800FE19A5 /* T53.tif in Resources */ = {isa = PBXBuildFile; fileRef = 3AFA10291836A1B800FE19A5 /* T53.tif */; };
		3AFA10461836A1B800FE19A5 /* T54.tif in Resources */ = {isa = PBXBuildFile; fileRef = 3AFA102A1836A1B800FE19A5 /* T54.tif */; };
		3AFA10471836A1B800FE19A5 /* T55.tif in Resources */ = {isa = PBXBuildFile; fileRef = 3AFA102B1836A1B800FE19A5 /* T55.tif */; };
		3AFA10481836A1B800FE19A5 /* T56.tif in Resources */ = {isa = PBXBuildFile; fileRef = 3AFA102C1836A1B800FE19A5 /* T56.tif */; };
		3AFA10491836A1B800FE19A5 /* T57.tif in Resources */ = {isa = PBXBuildFile; fileRef = 3AFA102D1836A1B800FE19A5 /* T57.tif */; };
		3AFA104A1836A1B800FE19A5 /* T58.tif in Resources */ = {isa = PBXBuildFile; fileRef = 3AFA102E1836A1B800FE19A5 /* T58.tif */; };
		3AFA104B1836A1B800FE19A5 /* T59.tif in Resources */ = {isa = PBXBuildFile; fileRef = 3AFA102F1836A1B800FE19A5 /* T59.tif */; };
		3AFA104C1836A1B800FE19A5 /* T60.tif in Resources */ = {isa = PBXBuildFile; fileRef = 3AFA10301836A1B800FE19A5 /* T60.tif */; };
		3AFA104D1836A1B800FE19A5 /* T61.tif in Resources */ = {isa = PBXBuildFile; fileRef = 3AFA10311836A1B800FE19A5 /* T61.tif */; };
		3AFA104E1836A1B800FE19A5 /* T62.tif in Resources */ = {isa = PBXBuildFile; fileRef = 3AFA10321836A1B800FE19A5 /* T62.tif */; };
		3AFA104F1836A1B800FE19A5 /* T63.tif in Resources */ = {isa = PBXBuildFile; fileRef = 3AFA10331836A1B800FE19A5 /* T63.tif */; };
		3AFA10501836A1B800FE19A5 /* T64.tif in Resources */ = {isa = PBXBuildFile; fileRef = 3AFA10341836A1B800FE19A5 /* T64.tif */; };
		3AFA105418390B7100FE19A5 /* G-nøgle-2.jpg in Resources */ = {isa = PBXBuildFile; fileRef = 3AFA105118390B7100FE19A5 /* G-nøgle-2.jpg */; };
		3AFA105518390B7100FE19A5 /* G-nøgle-3.jpg in Resources */ = {isa = PBXBuildFile; fileRef = 3AFA105218390B7100FE19A5 /* G-nøgle-3.jpg */; };
		3AFA105618390B7100FE19A5 /* G-nøgle.jpg in Resources */ = {isa = PBXBuildFile; fileRef = 3AFA105318390B7100FE19A5 /* G-nøgle.jpg */; };
		3AFA105B18390D8C00FE19A5 /* G-nøgle.png in Resources */ = {isa = PBXBuildFile; fileRef = 3AFA105818390D8C00FE19A5 /* G-nøgle.png */; };
		3AFA105C18390D8C00FE19A5 /* G-nøgle-2.png in Resources */ = {isa = PBXBuildFile; fileRef = 3AFA105918390D8C00FE19A5 /* G-nøgle-2.png */; };
		3AFA105D18390D8C00FE19A5 /* G-nøgle-3.png in Resources */ = {isa = PBXBuildFile; fileRef = 3AFA105A18390D8C00FE19A5 /* G-nøgle-3.png */; };
/* End PBXBuildFile section */

/* Begin PBXContainerItemProxy section */
		3A39C4E7174E8F0B0081319C /* PBXContainerItemProxy */ = {
			isa = PBXContainerItemProxy;
			containerPortal = 3A39C4B1174E8F090081319C /* Project object */;
			proxyType = 1;
			remoteGlobalIDString = 3A39C4B8174E8F090081319C;
			remoteInfo = Node;
		};
/* End PBXContainerItemProxy section */

/* Begin PBXFileReference section */
		3A0E8B1B181995290029EC70 /* Default-568h@2x.png */ = {isa = PBXFileReference; lastKnownFileType = image.png; path = "Default-568h@2x.png"; sourceTree = "<group>"; };
		3A0E8B21181ADDFE0029EC70 /* Notes.h */ = {isa = PBXFileReference; fileEncoding = 4; lastKnownFileType = sourcecode.c.h; path = Notes.h; sourceTree = "<group>"; };
		3A0E8B22181ADDFE0029EC70 /* Notes.m */ = {isa = PBXFileReference; fileEncoding = 4; lastKnownFileType = sourcecode.c.objc; path = Notes.m; sourceTree = "<group>"; };
		3A39C4B9174E8F090081319C /* Node.app */ = {isa = PBXFileReference; explicitFileType = wrapper.application; includeInIndex = 0; path = Node.app; sourceTree = BUILT_PRODUCTS_DIR; };
		3A39C4BC174E8F090081319C /* UIKit.framework */ = {isa = PBXFileReference; lastKnownFileType = wrapper.framework; name = UIKit.framework; path = System/Library/Frameworks/UIKit.framework; sourceTree = SDKROOT; };
		3A39C4BE174E8F0A0081319C /* Foundation.framework */ = {isa = PBXFileReference; lastKnownFileType = wrapper.framework; name = Foundation.framework; path = System/Library/Frameworks/Foundation.framework; sourceTree = SDKROOT; };
		3A39C4C0174E8F0A0081319C /* CoreGraphics.framework */ = {isa = PBXFileReference; lastKnownFileType = wrapper.framework; name = CoreGraphics.framework; path = System/Library/Frameworks/CoreGraphics.framework; sourceTree = SDKROOT; };
		3A39C4C4174E8F0A0081319C /* Node-Info.plist */ = {isa = PBXFileReference; lastKnownFileType = text.plist.xml; path = "Node-Info.plist"; sourceTree = "<group>"; };
		3A39C4C6174E8F0A0081319C /* en */ = {isa = PBXFileReference; lastKnownFileType = text.plist.strings; name = en; path = en.lproj/InfoPlist.strings; sourceTree = "<group>"; };
		3A39C4C8174E8F0A0081319C /* main.m */ = {isa = PBXFileReference; lastKnownFileType = sourcecode.c.objc; path = main.m; sourceTree = "<group>"; };
		3A39C4CA174E8F0A0081319C /* Node-Prefix.pch */ = {isa = PBXFileReference; lastKnownFileType = sourcecode.c.h; path = "Node-Prefix.pch"; sourceTree = "<group>"; };
		3A39C4CB174E8F0A0081319C /* AppDelegate.h */ = {isa = PBXFileReference; lastKnownFileType = sourcecode.c.h; path = AppDelegate.h; sourceTree = "<group>"; };
		3A39C4CC174E8F0A0081319C /* AppDelegate.m */ = {isa = PBXFileReference; lastKnownFileType = sourcecode.c.objc; path = AppDelegate.m; sourceTree = "<group>"; };
		3A39C4D5174E8F0A0081319C /* en */ = {isa = PBXFileReference; lastKnownFileType = file.storyboard; name = en; path = en.lproj/MainStoryboard_iPhone.storyboard; sourceTree = "<group>"; };
		3A39C4DA174E8F0A0081319C /* ViewController.h */ = {isa = PBXFileReference; lastKnownFileType = sourcecode.c.h; path = ViewController.h; sourceTree = "<group>"; };
		3A39C4DB174E8F0A0081319C /* ViewController.m */ = {isa = PBXFileReference; lastKnownFileType = sourcecode.c.objc; path = ViewController.m; sourceTree = "<group>"; };
		3A39C4E2174E8F0B0081319C /* NodeTests.octest */ = {isa = PBXFileReference; explicitFileType = wrapper.cfbundle; includeInIndex = 0; path = NodeTests.octest; sourceTree = BUILT_PRODUCTS_DIR; };
		3A39C4E3174E8F0B0081319C /* SenTestingKit.framework */ = {isa = PBXFileReference; lastKnownFileType = wrapper.framework; name = SenTestingKit.framework; path = Library/Frameworks/SenTestingKit.framework; sourceTree = DEVELOPER_DIR; };
		3A39C4EB174E8F0B0081319C /* NodeTests-Info.plist */ = {isa = PBXFileReference; lastKnownFileType = text.plist.xml; path = "NodeTests-Info.plist"; sourceTree = "<group>"; };
		3A39C4ED174E8F0B0081319C /* en */ = {isa = PBXFileReference; lastKnownFileType = text.plist.strings; name = en; path = en.lproj/InfoPlist.strings; sourceTree = "<group>"; };
		3A39C4EF174E8F0B0081319C /* NodeTests.h */ = {isa = PBXFileReference; lastKnownFileType = sourcecode.c.h; path = NodeTests.h; sourceTree = "<group>"; };
		3A39C4F0174E8F0B0081319C /* NodeTests.m */ = {isa = PBXFileReference; lastKnownFileType = sourcecode.c.objc; path = NodeTests.m; sourceTree = "<group>"; };
		3A39C4FA174E978E0081319C /* SoundStuff.h */ = {isa = PBXFileReference; fileEncoding = 4; lastKnownFileType = sourcecode.c.h; path = SoundStuff.h; sourceTree = "<group>"; };
		3A39C4FB174E978E0081319C /* SoundStuff.m */ = {isa = PBXFileReference; fileEncoding = 4; lastKnownFileType = sourcecode.c.objc; path = SoundStuff.m; sourceTree = "<group>"; };
		3A39C4FD174FB4280081319C /* AudioToolbox.framework */ = {isa = PBXFileReference; lastKnownFileType = wrapper.framework; name = AudioToolbox.framework; path = System/Library/Frameworks/AudioToolbox.framework; sourceTree = SDKROOT; };
		3A39C4FE174FB4280081319C /* AudioUnit.framework */ = {isa = PBXFileReference; lastKnownFileType = wrapper.framework; name = AudioUnit.framework; path = System/Library/Frameworks/AudioUnit.framework; sourceTree = SDKROOT; };
		3A39C4FF174FB4280081319C /* CoreAudio.framework */ = {isa = PBXFileReference; lastKnownFileType = wrapper.framework; name = CoreAudio.framework; path = System/Library/Frameworks/CoreAudio.framework; sourceTree = SDKROOT; };
		3A39C509175668640081319C /* Accelerate.framework */ = {isa = PBXFileReference; lastKnownFileType = wrapper.framework; name = Accelerate.framework; path = System/Library/Frameworks/Accelerate.framework; sourceTree = SDKROOT; };
		3A9F16A3182828F500C89110 /* AVFoundation.framework */ = {isa = PBXFileReference; lastKnownFileType = wrapper.framework; name = AVFoundation.framework; path = System/Library/Frameworks/AVFoundation.framework; sourceTree = SDKROOT; };
		3AFA0FE118367E9C00FE19A5 /* B16.tif */ = {isa = PBXFileReference; lastKnownFileType = image.tiff; name = B16.tif; path = scores/B16.tif; sourceTree = "<group>"; };
		3AFA0FE218367E9C00FE19A5 /* B17.tif */ = {isa = PBXFileReference; lastKnownFileType = image.tiff; name = B17.tif; path = scores/B17.tif; sourceTree = "<group>"; };
		3AFA0FE318367E9C00FE19A5 /* B18.tif */ = {isa = PBXFileReference; lastKnownFileType = image.tiff; name = B18.tif; path = scores/B18.tif; sourceTree = "<group>"; };
		3AFA0FE418367E9C00FE19A5 /* B19.tif */ = {isa = PBXFileReference; lastKnownFileType = image.tiff; name = B19.tif; path = scores/B19.tif; sourceTree = "<group>"; };
		3AFA0FE518367E9C00FE19A5 /* B20.tif */ = {isa = PBXFileReference; lastKnownFileType = image.tiff; name = B20.tif; path = scores/B20.tif; sourceTree = "<group>"; };
		3AFA0FE618367E9C00FE19A5 /* B21.tif */ = {isa = PBXFileReference; lastKnownFileType = image.tiff; name = B21.tif; path = scores/B21.tif; sourceTree = "<group>"; };
		3AFA0FE718367E9C00FE19A5 /* B22.tif */ = {isa = PBXFileReference; lastKnownFileType = image.tiff; name = B22.tif; path = scores/B22.tif; sourceTree = "<group>"; };
		3AFA0FE818367E9C00FE19A5 /* B23.tif */ = {isa = PBXFileReference; lastKnownFileType = image.tiff; name = B23.tif; path = scores/B23.tif; sourceTree = "<group>"; };
		3AFA0FE918367E9C00FE19A5 /* B24.tif */ = {isa = PBXFileReference; lastKnownFileType = image.tiff; name = B24.tif; path = scores/B24.tif; sourceTree = "<group>"; };
		3AFA0FEA18367E9C00FE19A5 /* B25.tif */ = {isa = PBXFileReference; lastKnownFileType = image.tiff; name = B25.tif; path = scores/B25.tif; sourceTree = "<group>"; };
		3AFA0FEB18367E9C00FE19A5 /* B26.tif */ = {isa = PBXFileReference; lastKnownFileType = image.tiff; name = B26.tif; path = scores/B26.tif; sourceTree = "<group>"; };
		3AFA0FEC18367E9C00FE19A5 /* B27.tif */ = {isa = PBXFileReference; lastKnownFileType = image.tiff; name = B27.tif; path = scores/B27.tif; sourceTree = "<group>"; };
		3AFA0FED18367E9C00FE19A5 /* B28.tif */ = {isa = PBXFileReference; lastKnownFileType = image.tiff; name = B28.tif; path = scores/B28.tif; sourceTree = "<group>"; };
		3AFA0FEE18367E9C00FE19A5 /* B29.tif */ = {isa = PBXFileReference; lastKnownFileType = image.tiff; name = B29.tif; path = scores/B29.tif; sourceTree = "<group>"; };
		3AFA0FEF18367E9C00FE19A5 /* B30.tif */ = {isa = PBXFileReference; lastKnownFileType = image.tiff; name = B30.tif; path = scores/B30.tif; sourceTree = "<group>"; };
		3AFA0FF018367E9C00FE19A5 /* B31.tif */ = {isa = PBXFileReference; lastKnownFileType = image.tiff; name = B31.tif; path = scores/B31.tif; sourceTree = "<group>"; };
		3AFA0FF118367E9C00FE19A5 /* B32.tif */ = {isa = PBXFileReference; lastKnownFileType = image.tiff; name = B32.tif; path = scores/B32.tif; sourceTree = "<group>"; };
		3AFA0FF218367E9C00FE19A5 /* B33.tif */ = {isa = PBXFileReference; lastKnownFileType = image.tiff; name = B33.tif; path = scores/B33.tif; sourceTree = "<group>"; };
		3AFA0FF318367E9C00FE19A5 /* B34.tif */ = {isa = PBXFileReference; lastKnownFileType = image.tiff; name = B34.tif; path = scores/B34.tif; sourceTree = "<group>"; };
		3AFA0FF418367E9C00FE19A5 /* B35.tif */ = {isa = PBXFileReference; lastKnownFileType = image.tiff; name = B35.tif; path = scores/B35.tif; sourceTree = "<group>"; };
		3AFA0FF518367E9C00FE19A5 /* B36.tif */ = {isa = PBXFileReference; lastKnownFileType = image.tiff; name = B36.tif; path = scores/B36.tif; sourceTree = "<group>"; };
		3AFA0FF618367E9C00FE19A5 /* B37.tif */ = {isa = PBXFileReference; lastKnownFileType = image.tiff; name = B37.tif; path = scores/B37.tif; sourceTree = "<group>"; };
		3AFA0FF718367E9C00FE19A5 /* B38.tif */ = {isa = PBXFileReference; lastKnownFileType = image.tiff; name = B38.tif; path = scores/B38.tif; sourceTree = "<group>"; };
		3AFA0FF818367E9C00FE19A5 /* B39.tif */ = {isa = PBXFileReference; lastKnownFileType = image.tiff; name = B39.tif; path = scores/B39.tif; sourceTree = "<group>"; };
		3AFA0FF918367E9C00FE19A5 /* B40.tif */ = {isa = PBXFileReference; lastKnownFileType = image.tiff; name = B40.tif; path = scores/B40.tif; sourceTree = "<group>"; };
		3AFA0FFA18367E9C00FE19A5 /* B41.tif */ = {isa = PBXFileReference; lastKnownFileType = image.tiff; name = B41.tif; path = scores/B41.tif; sourceTree = "<group>"; };
		3AFA0FFB18367E9C00FE19A5 /* B42.tif */ = {isa = PBXFileReference; lastKnownFileType = image.tiff; name = B42.tif; path = scores/B42.tif; sourceTree = "<group>"; };
		3AFA0FFC18367E9C00FE19A5 /* B43.tif */ = {isa = PBXFileReference; lastKnownFileType = image.tiff; name = B43.tif; path = scores/B43.tif; sourceTree = "<group>"; };
		3AFA10191836A1B800FE19A5 /* T37.tif */ = {isa = PBXFileReference; lastKnownFileType = image.tiff; name = T37.tif; path = scores/T37.tif; sourceTree = "<group>"; };
		3AFA101A1836A1B800FE19A5 /* T38.tif */ = {isa = PBXFileReference; lastKnownFileType = image.tiff; name = T38.tif; path = scores/T38.tif; sourceTree = "<group>"; };
		3AFA101B1836A1B800FE19A5 /* T39.tif */ = {isa = PBXFileReference; lastKnownFileType = image.tiff; name = T39.tif; path = scores/T39.tif; sourceTree = "<group>"; };
		3AFA101C1836A1B800FE19A5 /* T40.tif */ = {isa = PBXFileReference; lastKnownFileType = image.tiff; name = T40.tif; path = scores/T40.tif; sourceTree = "<group>"; };
		3AFA101D1836A1B800FE19A5 /* T41.tif */ = {isa = PBXFileReference; lastKnownFileType = image.tiff; name = T41.tif; path = scores/T41.tif; sourceTree = "<group>"; };
		3AFA101E1836A1B800FE19A5 /* T42.tif */ = {isa = PBXFileReference; lastKnownFileType = image.tiff; name = T42.tif; path = scores/T42.tif; sourceTree = "<group>"; };
		3AFA101F1836A1B800FE19A5 /* T43.tif */ = {isa = PBXFileReference; lastKnownFileType = image.tiff; name = T43.tif; path = scores/T43.tif; sourceTree = "<group>"; };
		3AFA10201836A1B800FE19A5 /* T44.tif */ = {isa = PBXFileReference; lastKnownFileType = image.tiff; name = T44.tif; path = scores/T44.tif; sourceTree = "<group>"; };
		3AFA10211836A1B800FE19A5 /* T45.tif */ = {isa = PBXFileReference; lastKnownFileType = image.tiff; name = T45.tif; path = scores/T45.tif; sourceTree = "<group>"; };
		3AFA10221836A1B800FE19A5 /* T46.tif */ = {isa = PBXFileReference; lastKnownFileType = image.tiff; name = T46.tif; path = scores/T46.tif; sourceTree = "<group>"; };
		3AFA10231836A1B800FE19A5 /* T47.tif */ = {isa = PBXFileReference; lastKnownFileType = image.tiff; name = T47.tif; path = scores/T47.tif; sourceTree = "<group>"; };
		3AFA10241836A1B800FE19A5 /* T48.tif */ = {isa = PBXFileReference; lastKnownFileType = image.tiff; name = T48.tif; path = scores/T48.tif; sourceTree = "<group>"; };
		3AFA10251836A1B800FE19A5 /* T49.tif */ = {isa = PBXFileReference; lastKnownFileType = image.tiff; name = T49.tif; path = scores/T49.tif; sourceTree = "<group>"; };
		3AFA10261836A1B800FE19A5 /* T50.tif */ = {isa = PBXFileReference; lastKnownFileType = image.tiff; name = T50.tif; path = scores/T50.tif; sourceTree = "<group>"; };
		3AFA10271836A1B800FE19A5 /* T51.tif */ = {isa = PBXFileReference; lastKnownFileType = image.tiff; name = T51.tif; path = scores/T51.tif; sourceTree = "<group>"; };
		3AFA10281836A1B800FE19A5 /* T52.tif */ = {isa = PBXFileReference; lastKnownFileType = image.tiff; name = T52.tif; path = scores/T52.tif; sourceTree = "<group>"; };
		3AFA10291836A1B800FE19A5 /* T53.tif */ = {isa = PBXFileReference; lastKnownFileType = image.tiff; name = T53.tif; path = scores/T53.tif; sourceTree = "<group>"; };
		3AFA102A1836A1B800FE19A5 /* T54.tif */ = {isa = PBXFileReference; lastKnownFileType = image.tiff; name = T54.tif; path = scores/T54.tif; sourceTree = "<group>"; };
		3AFA102B1836A1B800FE19A5 /* T55.tif */ = {isa = PBXFileReference; lastKnownFileType = image.tiff; name = T55.tif; path = scores/T55.tif; sourceTree = "<group>"; };
		3AFA102C1836A1B800FE19A5 /* T56.tif */ = {isa = PBXFileReference; lastKnownFileType = image.tiff; name = T56.tif; path = scores/T56.tif; sourceTree = "<group>"; };
		3AFA102D1836A1B800FE19A5 /* T57.tif */ = {isa = PBXFileReference; lastKnownFileType = image.tiff; name = T57.tif; path = scores/T57.tif; sourceTree = "<group>"; };
		3AFA102E1836A1B800FE19A5 /* T58.tif */ = {isa = PBXFileReference; lastKnownFileType = image.tiff; name = T58.tif; path = scores/T58.tif; sourceTree = "<group>"; };
		3AFA102F1836A1B800FE19A5 /* T59.tif */ = {isa = PBXFileReference; lastKnownFileType = image.tiff; name = T59.tif; path = scores/T59.tif; sourceTree = "<group>"; };
		3AFA10301836A1B800FE19A5 /* T60.tif */ = {isa = PBXFileReference; lastKnownFileType = image.tiff; name = T60.tif; path = scores/T60.tif; sourceTree = "<group>"; };
		3AFA10311836A1B800FE19A5 /* T61.tif */ = {isa = PBXFileReference; lastKnownFileType = image.tiff; name = T61.tif; path = scores/T61.tif; sourceTree = "<group>"; };
		3AFA10321836A1B800FE19A5 /* T62.tif */ = {isa = PBXFileReference; lastKnownFileType = image.tiff; name = T62.tif; path = scores/T62.tif; sourceTree = "<group>"; };
		3AFA10331836A1B800FE19A5 /* T63.tif */ = {isa = PBXFileReference; lastKnownFileType = image.tiff; name = T63.tif; path = scores/T63.tif; sourceTree = "<group>"; };
		3AFA10341836A1B800FE19A5 /* T64.tif */ = {isa = PBXFileReference; lastKnownFileType = image.tiff; name = T64.tif; path = scores/T64.tif; sourceTree = "<group>"; };
		3AFA105118390B7100FE19A5 /* G-nøgle-2.jpg */ = {isa = PBXFileReference; lastKnownFileType = image.jpeg; name = "G-nøgle-2.jpg"; path = "Images/G-nøgle-2.jpg"; sourceTree = "<group>"; };
		3AFA105218390B7100FE19A5 /* G-nøgle-3.jpg */ = {isa = PBXFileReference; lastKnownFileType = image.jpeg; name = "G-nøgle-3.jpg"; path = "Images/G-nøgle-3.jpg"; sourceTree = "<group>"; };
		3AFA105318390B7100FE19A5 /* G-nøgle.jpg */ = {isa = PBXFileReference; lastKnownFileType = image.jpeg; name = "G-nøgle.jpg"; path = "Images/G-nøgle.jpg"; sourceTree = "<group>"; };
		3AFA105818390D8C00FE19A5 /* G-nøgle.png */ = {isa = PBXFileReference; lastKnownFileType = image.png; name = "G-nøgle.png"; path = "Images/G-nøgle.png"; sourceTree = "<group>"; };
		3AFA105918390D8C00FE19A5 /* G-nøgle-2.png */ = {isa = PBXFileReference; lastKnownFileType = image.png; name = "G-nøgle-2.png"; path = "Images/G-nøgle-2.png"; sourceTree = "<group>"; };
		3AFA105A18390D8C00FE19A5 /* G-nøgle-3.png */ = {isa = PBXFileReference; lastKnownFileType = image.png; name = "G-nøgle-3.png"; path = "Images/G-nøgle-3.png"; sourceTree = "<group>"; };
		3AFA105E1839553900FE19A5 /* G-nøgle-Edit.png */ = {isa = PBXFileReference; lastKnownFileType = image.png; path = "G-nøgle-Edit.png"; sourceTree = "<group>"; };
		3AFA105F1839554800FE19A5 /* G-nøgle-Edit2.png */ = {isa = PBXFileReference; lastKnownFileType = image.png; path = "G-nøgle-Edit2.png"; sourceTree = "<group>"; };
/* End PBXFileReference section */

/* Begin PBXFrameworksBuildPhase section */
		3A39C4B6174E8F090081319C /* Frameworks */ = {
			isa = PBXFrameworksBuildPhase;
			buildActionMask = 2147483647;
			files = (
				3A9F16A4182828F500C89110 /* AVFoundation.framework in Frameworks */,
				3A39C50A175668640081319C /* Accelerate.framework in Frameworks */,
				3A39C500174FB4280081319C /* AudioToolbox.framework in Frameworks */,
				3A39C502174FB4280081319C /* CoreAudio.framework in Frameworks */,
				3A39C4BD174E8F0A0081319C /* UIKit.framework in Frameworks */,
				3A39C4BF174E8F0A0081319C /* Foundation.framework in Frameworks */,
				3A39C4C1174E8F0A0081319C /* CoreGraphics.framework in Frameworks */,
			);
			runOnlyForDeploymentPostprocessing = 0;
		};
		3A39C4DE174E8F0B0081319C /* Frameworks */ = {
			isa = PBXFrameworksBuildPhase;
			buildActionMask = 2147483647;
			files = (
				3A39C4E4174E8F0B0081319C /* SenTestingKit.framework in Frameworks */,
				3A39C4E5174E8F0B0081319C /* UIKit.framework in Frameworks */,
				3A39C4E6174E8F0B0081319C /* Foundation.framework in Frameworks */,
			);
			runOnlyForDeploymentPostprocessing = 0;
		};
/* End PBXFrameworksBuildPhase section */

/* Begin PBXGroup section */
		3A0E8B18181990FB0029EC70 /* Scores */ = {
			isa = PBXGroup;
			children = (
				3AFA10191836A1B800FE19A5 /* T37.tif */,
				3AFA101A1836A1B800FE19A5 /* T38.tif */,
				3AFA101B1836A1B800FE19A5 /* T39.tif */,
				3AFA101C1836A1B800FE19A5 /* T40.tif */,
				3AFA101D1836A1B800FE19A5 /* T41.tif */,
				3AFA101E1836A1B800FE19A5 /* T42.tif */,
				3AFA101F1836A1B800FE19A5 /* T43.tif */,
				3AFA10201836A1B800FE19A5 /* T44.tif */,
				3AFA10211836A1B800FE19A5 /* T45.tif */,
				3AFA10221836A1B800FE19A5 /* T46.tif */,
				3AFA10231836A1B800FE19A5 /* T47.tif */,
				3AFA10241836A1B800FE19A5 /* T48.tif */,
				3AFA10251836A1B800FE19A5 /* T49.tif */,
				3AFA10261836A1B800FE19A5 /* T50.tif */,
				3AFA10271836A1B800FE19A5 /* T51.tif */,
				3AFA10281836A1B800FE19A5 /* T52.tif */,
				3AFA10291836A1B800FE19A5 /* T53.tif */,
				3AFA102A1836A1B800FE19A5 /* T54.tif */,
				3AFA102B1836A1B800FE19A5 /* T55.tif */,
				3AFA102C1836A1B800FE19A5 /* T56.tif */,
				3AFA102D1836A1B800FE19A5 /* T57.tif */,
				3AFA102E1836A1B800FE19A5 /* T58.tif */,
				3AFA102F1836A1B800FE19A5 /* T59.tif */,
				3AFA10301836A1B800FE19A5 /* T60.tif */,
				3AFA10311836A1B800FE19A5 /* T61.tif */,
				3AFA10321836A1B800FE19A5 /* T62.tif */,
				3AFA10331836A1B800FE19A5 /* T63.tif */,
				3AFA10341836A1B800FE19A5 /* T64.tif */,
				3AFA0FE118367E9C00FE19A5 /* B16.tif */,
				3AFA0FE218367E9C00FE19A5 /* B17.tif */,
				3AFA0FE318367E9C00FE19A5 /* B18.tif */,
				3AFA0FE418367E9C00FE19A5 /* B19.tif */,
				3AFA0FE518367E9C00FE19A5 /* B20.tif */,
				3AFA0FE618367E9C00FE19A5 /* B21.tif */,
				3AFA0FE718367E9C00FE19A5 /* B22.tif */,
				3AFA0FE818367E9C00FE19A5 /* B23.tif */,
				3AFA0FE918367E9C00FE19A5 /* B24.tif */,
				3AFA0FEA18367E9C00FE19A5 /* B25.tif */,
				3AFA0FEB18367E9C00FE19A5 /* B26.tif */,
				3AFA0FEC18367E9C00FE19A5 /* B27.tif */,
				3AFA0FED18367E9C00FE19A5 /* B28.tif */,
				3AFA0FEE18367E9C00FE19A5 /* B29.tif */,
				3AFA0FEF18367E9C00FE19A5 /* B30.tif */,
				3AFA0FF018367E9C00FE19A5 /* B31.tif */,
				3AFA0FF118367E9C00FE19A5 /* B32.tif */,
				3AFA0FF218367E9C00FE19A5 /* B33.tif */,
				3AFA0FF318367E9C00FE19A5 /* B34.tif */,
				3AFA0FF418367E9C00FE19A5 /* B35.tif */,
				3AFA0FF518367E9C00FE19A5 /* B36.tif */,
				3AFA0FF618367E9C00FE19A5 /* B37.tif */,
				3AFA0FF718367E9C00FE19A5 /* B38.tif */,
				3AFA0FF818367E9C00FE19A5 /* B39.tif */,
				3AFA0FF918367E9C00FE19A5 /* B40.tif */,
				3AFA0FFA18367E9C00FE19A5 /* B41.tif */,
				3AFA0FFB18367E9C00FE19A5 /* B42.tif */,
				3AFA0FFC18367E9C00FE19A5 /* B43.tif */,
			);
			name = Scores;
			sourceTree = "<group>";
		};
		3A39C4B0174E8F090081319C = {
			isa = PBXGroup;
			children = (
				3AFA105F1839554800FE19A5 /* G-nøgle-Edit2.png */,
				3AFA105E1839553900FE19A5 /* G-nøgle-Edit.png */,
				3A0E8B1B181995290029EC70 /* Default-568h@2x.png */,
				3A39C4C2174E8F0A0081319C /* Node */,
				3A39C4E9174E8F0B0081319C /* NodeTests */,
				3A39C4BB174E8F090081319C /* Frameworks */,
				3A39C4BA174E8F090081319C /* Products */,
			);
			sourceTree = "<group>";
		};
		3A39C4BA174E8F090081319C /* Products */ = {
			isa = PBXGroup;
			children = (
				3A39C4B9174E8F090081319C /* Node.app */,
				3A39C4E2174E8F0B0081319C /* NodeTests.octest */,
			);
			name = Products;
			sourceTree = "<group>";
		};
		3A39C4BB174E8F090081319C /* Frameworks */ = {
			isa = PBXGroup;
			children = (
				3A9F16A3182828F500C89110 /* AVFoundation.framework */,
				3A39C509175668640081319C /* Accelerate.framework */,
				3A39C4FD174FB4280081319C /* AudioToolbox.framework */,
				3A39C4FE174FB4280081319C /* AudioUnit.framework */,
				3A39C4FF174FB4280081319C /* CoreAudio.framework */,
				3A39C4BC174E8F090081319C /* UIKit.framework */,
				3A39C4BE174E8F0A0081319C /* Foundation.framework */,
				3A39C4C0174E8F0A0081319C /* CoreGraphics.framework */,
				3A39C4E3174E8F0B0081319C /* SenTestingKit.framework */,
			);
			name = Frameworks;
			sourceTree = "<group>";
		};
		3A39C4C2174E8F0A0081319C /* Node */ = {
			isa = PBXGroup;
			children = (
				3AFA105718390B8200FE19A5 /* Images */,
				3A0E8B18181990FB0029EC70 /* Scores */,
				3A39C4CB174E8F0A0081319C /* AppDelegate.h */,
				3A39C4CC174E8F0A0081319C /* AppDelegate.m */,
				3A39C4D4174E8F0A0081319C /* MainStoryboard_iPhone.storyboard */,
				3A39C4FA174E978E0081319C /* SoundStuff.h */,
				3A39C4FB174E978E0081319C /* SoundStuff.m */,
				3A39C4C3174E8F0A0081319C /* Supporting Files */,
				3A39C4DA174E8F0A0081319C /* ViewController.h */,
				3A39C4DB174E8F0A0081319C /* ViewController.m */,
				3A0E8B21181ADDFE0029EC70 /* Notes.h */,
				3A0E8B22181ADDFE0029EC70 /* Notes.m */,
			);
			path = Node;
			sourceTree = "<group>";
		};
		3A39C4C3174E8F0A0081319C /* Supporting Files */ = {
			isa = PBXGroup;
			children = (
				3A39C4C4174E8F0A0081319C /* Node-Info.plist */,
				3A39C4C5174E8F0A0081319C /* InfoPlist.strings */,
				3A39C4C8174E8F0A0081319C /* main.m */,
				3A39C4CA174E8F0A0081319C /* Node-Prefix.pch */,
			);
			name = "Supporting Files";
			sourceTree = "<group>";
		};
		3A39C4E9174E8F0B0081319C /* NodeTests */ = {
			isa = PBXGroup;
			children = (
				3A39C4EF174E8F0B0081319C /* NodeTests.h */,
				3A39C4F0174E8F0B0081319C /* NodeTests.m */,
				3A39C4EA174E8F0B0081319C /* Supporting Files */,
			);
			path = NodeTests;
			sourceTree = "<group>";
		};
		3A39C4EA174E8F0B0081319C /* Supporting Files */ = {
			isa = PBXGroup;
			children = (
				3A39C4EB174E8F0B0081319C /* NodeTests-Info.plist */,
				3A39C4EC174E8F0B0081319C /* InfoPlist.strings */,
			);
			name = "Supporting Files";
			sourceTree = "<group>";
		};
		3AFA105718390B8200FE19A5 /* Images */ = {
			isa = PBXGroup;
			children = (
				3AFA105818390D8C00FE19A5 /* G-nøgle.png */,
				3AFA105918390D8C00FE19A5 /* G-nøgle-2.png */,
				3AFA105A18390D8C00FE19A5 /* G-nøgle-3.png */,
				3AFA105118390B7100FE19A5 /* G-nøgle-2.jpg */,
				3AFA105218390B7100FE19A5 /* G-nøgle-3.jpg */,
				3AFA105318390B7100FE19A5 /* G-nøgle.jpg */,
			);
			name = Images;
			sourceTree = "<group>";
		};
/* End PBXGroup section */

/* Begin PBXNativeTarget section */
		3A39C4B8174E8F090081319C /* Node */ = {
			isa = PBXNativeTarget;
			buildConfigurationList = 3A39C4F4174E8F0B0081319C /* Build configuration list for PBXNativeTarget "Node" */;
			buildPhases = (
				3A39C4B5174E8F090081319C /* Sources */,
				3A39C4B6174E8F090081319C /* Frameworks */,
				3A39C4B7174E8F090081319C /* Resources */,
			);
			buildRules = (
			);
			dependencies = (
			);
			name = Node;
			productName = Node;
			productReference = 3A39C4B9174E8F090081319C /* Node.app */;
			productType = "com.apple.product-type.application";
		};
		3A39C4E1174E8F0B0081319C /* NodeTests */ = {
			isa = PBXNativeTarget;
			buildConfigurationList = 3A39C4F7174E8F0B0081319C /* Build configuration list for PBXNativeTarget "NodeTests" */;
			buildPhases = (
				3A39C4DD174E8F0B0081319C /* Sources */,
				3A39C4DE174E8F0B0081319C /* Frameworks */,
				3A39C4DF174E8F0B0081319C /* Resources */,
				3A39C4E0174E8F0B0081319C /* ShellScript */,
			);
			buildRules = (
			);
			dependencies = (
				3A39C4E8174E8F0B0081319C /* PBXTargetDependency */,
			);
			name = NodeTests;
			productName = NodeTests;
			productReference = 3A39C4E2174E8F0B0081319C /* NodeTests.octest */;
			productType = "com.apple.product-type.bundle";
		};
/* End PBXNativeTarget section */

/* Begin PBXProject section */
		3A39C4B1174E8F090081319C /* Project object */ = {
			isa = PBXProject;
			attributes = {
				LastUpgradeCheck = 0460;
				ORGANIZATIONNAME = "Hans Kyndesgaard";
				TargetAttributes = {
					3A39C4B8174E8F090081319C = {
						DevelopmentTeam = GZ75BC338J;
					};
				};
			};
			buildConfigurationList = 3A39C4B4174E8F090081319C /* Build configuration list for PBXProject "Node" */;
			compatibilityVersion = "Xcode 3.2";
			developmentRegion = English;
			hasScannedForEncodings = 0;
			knownRegions = (
				en,
			);
			mainGroup = 3A39C4B0174E8F090081319C;
			productRefGroup = 3A39C4BA174E8F090081319C /* Products */;
			projectDirPath = "";
			projectRoot = "";
			targets = (
				3A39C4B8174E8F090081319C /* Node */,
				3A39C4E1174E8F0B0081319C /* NodeTests */,
			);
		};
/* End PBXProject section */

/* Begin PBXResourcesBuildPhase section */
		3A39C4B7174E8F090081319C /* Resources */ = {
			isa = PBXResourcesBuildPhase;
			buildActionMask = 2147483647;
			files = (
				3AFA10401836A1B800FE19A5 /* T48.tif in Resources */,
				3AFA103A1836A1B800FE19A5 /* T42.tif in Resources */,
				3AFA10431836A1B800FE19A5 /* T51.tif in Resources */,
				3AFA100818367E9C00FE19A5 /* B27.tif in Resources */,
				3AFA100518367E9C00FE19A5 /* B24.tif in Resources */,
				3AFA0FFD18367E9C00FE19A5 /* B16.tif in Resources */,
				3A39C4C7174E8F0A0081319C /* InfoPlist.strings in Resources */,
				3AFA10421836A1B800FE19A5 /* T50.tif in Resources */,
				3AFA0FFF18367E9C00FE19A5 /* B18.tif in Resources */,
				3AFA101318367E9C00FE19A5 /* B38.tif in Resources */,
				3AFA103B1836A1B800FE19A5 /* T43.tif in Resources */,
				3AFA10461836A1B800FE19A5 /* T54.tif in Resources */,
				3AFA105618390B7100FE19A5 /* G-nøgle.jpg in Resources */,
				3AFA10491836A1B800FE19A5 /* T57.tif in Resources */,
				3AFA101718367E9C00FE19A5 /* B42.tif in Resources */,
				3AFA100018367E9C00FE19A5 /* B19.tif in Resources */,
				3AFA104F1836A1B800FE19A5 /* T63.tif in Resources */,
				3AFA101818367E9C00FE19A5 /* B43.tif in Resources */,
				3AFA10441836A1B800FE19A5 /* T52.tif in Resources */,
				3AFA105D18390D8C00FE19A5 /* G-nøgle-3.png in Resources */,
				3AFA101418367E9C00FE19A5 /* B39.tif in Resources */,
				3AFA103C1836A1B800FE19A5 /* T44.tif in Resources */,
				3AFA103D1836A1B800FE19A5 /* T45.tif in Resources */,
				3AFA100F18367E9C00FE19A5 /* B34.tif in Resources */,
				3AFA100718367E9C00FE19A5 /* B26.tif in Resources */,
				3AFA101118367E9C00FE19A5 /* B36.tif in Resources */,
				3AFA10381836A1B800FE19A5 /* T40.tif in Resources */,
				3AFA100D18367E9C00FE19A5 /* B32.tif in Resources */,
				3AFA100A18367E9C00FE19A5 /* B29.tif in Resources */,
				3AFA10361836A1B800FE19A5 /* T38.tif in Resources */,
				3AFA10471836A1B800FE19A5 /* T55.tif in Resources */,
				3AFA100E18367E9C00FE19A5 /* B33.tif in Resources */,
				3AFA101518367E9C00FE19A5 /* B40.tif in Resources */,
				3AFA100618367E9C00FE19A5 /* B25.tif in Resources */,
				3AFA10411836A1B800FE19A5 /* T49.tif in Resources */,
				3AFA100B18367E9C00FE19A5 /* B30.tif in Resources */,
				3AFA10391836A1B800FE19A5 /* T41.tif in Resources */,
				3AFA104C1836A1B800FE19A5 /* T60.tif in Resources */,
				3A0E8B1C181995290029EC70 /* Default-568h@2x.png in Resources */,
				3AFA103F1836A1B800FE19A5 /* T47.tif in Resources */,
				3AFA101218367E9C00FE19A5 /* B37.tif in Resources */,
				3AFA104A1836A1B800FE19A5 /* T58.tif in Resources */,
				3AFA100418367E9C00FE19A5 /* B23.tif in Resources */,
				3AFA105418390B7100FE19A5 /* G-nøgle-2.jpg in Resources */,
				3AFA103E1836A1B800FE19A5 /* T46.tif in Resources */,
				3AFA105518390B7100FE19A5 /* G-nøgle-3.jpg in Resources */,
				3AFA10451836A1B800FE19A5 /* T53.tif in Resources */,
				3AFA10481836A1B800FE19A5 /* T56.tif in Resources */,
				3AFA104B1836A1B800FE19A5 /* T59.tif in Resources */,
				3AFA10351836A1B800FE19A5 /* T37.tif in Resources */,
				3AFA105C18390D8C00FE19A5 /* G-nøgle-2.png in Resources */,
				3AFA105B18390D8C00FE19A5 /* G-nøgle.png in Resources */,
				3AFA104E1836A1B800FE19A5 /* T62.tif in Resources */,
				3AFA101618367E9C00FE19A5 /* B41.tif in Resources */,
				3AFA101018367E9C00FE19A5 /* B35.tif in Resources */,
				3AFA0FFE18367E9C00FE19A5 /* B17.tif in Resources */,
				3AFA100118367E9C00FE19A5 /* B20.tif in Resources */,
				3AFA100318367E9C00FE19A5 /* B22.tif in Resources */,
				3AFA100918367E9C00FE19A5 /* B28.tif in Resources */,
				3AFA104D1836A1B800FE19A5 /* T61.tif in Resources */,
				3AFA100218367E9C00FE19A5 /* B21.tif in Resources */,
				3AFA10501836A1B800FE19A5 /* T64.tif in Resources */,
				3AFA100C18367E9C00FE19A5 /* B31.tif in Resources */,
				3AFA10371836A1B800FE19A5 /* T39.tif in Resources */,
				3A39C4D6174E8F0A0081319C /* MainStoryboard_iPhone.storyboard in Resources */,
			);
			runOnlyForDeploymentPostprocessing = 0;
		};
		3A39C4DF174E8F0B0081319C /* Resources */ = {
			isa = PBXResourcesBuildPhase;
			buildActionMask = 2147483647;
			files = (
				3A39C4EE174E8F0B0081319C /* InfoPlist.strings in Resources */,
			);
			runOnlyForDeploymentPostprocessing = 0;
		};
/* End PBXResourcesBuildPhase section */

/* Begin PBXShellScriptBuildPhase section */
		3A39C4E0174E8F0B0081319C /* ShellScript */ = {
			isa = PBXShellScriptBuildPhase;
			buildActionMask = 2147483647;
			files = (
			);
			inputPaths = (
			);
			outputPaths = (
			);
			runOnlyForDeploymentPostprocessing = 0;
			shellPath = /bin/sh;
			shellScript = "# Run the unit tests in this test bundle.\n\"${SYSTEM_DEVELOPER_DIR}/Tools/RunUnitTests\"\n";
		};
/* End PBXShellScriptBuildPhase section */

/* Begin PBXSourcesBuildPhase section */
		3A39C4B5174E8F090081319C /* Sources */ = {
			isa = PBXSourcesBuildPhase;
			buildActionMask = 2147483647;
			files = (
				3A39C4C9174E8F0A0081319C /* main.m in Sources */,
				3A0E8B23181ADDFE0029EC70 /* Notes.m in Sources */,
				3A39C4CD174E8F0A0081319C /* AppDelegate.m in Sources */,
				3A39C4DC174E8F0A0081319C /* ViewController.m in Sources */,
				3A39C4FC174E978E0081319C /* SoundStuff.m in Sources */,
			);
			runOnlyForDeploymentPostprocessing = 0;
		};
		3A39C4DD174E8F0B0081319C /* Sources */ = {
			isa = PBXSourcesBuildPhase;
			buildActionMask = 2147483647;
			files = (
				3A39C4F1174E8F0B0081319C /* NodeTests.m in Sources */,
			);
			runOnlyForDeploymentPostprocessing = 0;
		};
/* End PBXSourcesBuildPhase section */

/* Begin PBXTargetDependency section */
		3A39C4E8174E8F0B0081319C /* PBXTargetDependency */ = {
			isa = PBXTargetDependency;
			target = 3A39C4B8174E8F090081319C /* Node */;
			targetProxy = 3A39C4E7174E8F0B0081319C /* PBXContainerItemProxy */;
		};
/* End PBXTargetDependency section */

/* Begin PBXVariantGroup section */
		3A39C4C5174E8F0A0081319C /* InfoPlist.strings */ = {
			isa = PBXVariantGroup;
			children = (
				3A39C4C6174E8F0A0081319C /* en */,
			);
			name = InfoPlist.strings;
			sourceTree = "<group>";
		};
		3A39C4D4174E8F0A0081319C /* MainStoryboard_iPhone.storyboard */ = {
			isa = PBXVariantGroup;
			children = (
				3A39C4D5174E8F0A0081319C /* en */,
			);
			name = MainStoryboard_iPhone.storyboard;
			sourceTree = "<group>";
		};
		3A39C4EC174E8F0B0081319C /* InfoPlist.strings */ = {
			isa = PBXVariantGroup;
			children = (
				3A39C4ED174E8F0B0081319C /* en */,
			);
			name = InfoPlist.strings;
			sourceTree = "<group>";
		};
/* End PBXVariantGroup section */

/* Begin XCBuildConfiguration section */
		3A39C4F2174E8F0B0081319C /* Debug */ = {
			isa = XCBuildConfiguration;
			buildSettings = {
				ALWAYS_SEARCH_USER_PATHS = NO;
				CLANG_CXX_LANGUAGE_STANDARD = "gnu++0x";
				CLANG_CXX_LIBRARY = "libc++";
				CLANG_ENABLE_OBJC_ARC = YES;
				CLANG_WARN_CONSTANT_CONVERSION = YES;
				CLANG_WARN_EMPTY_BODY = YES;
				CLANG_WARN_ENUM_CONVERSION = YES;
				CLANG_WARN_INT_CONVERSION = YES;
				CLANG_WARN__DUPLICATE_METHOD_MATCH = YES;
				"CODE_SIGN_IDENTITY[sdk=iphoneos*]" = "iPhone Developer";
				COPY_PHASE_STRIP = NO;
				GCC_C_LANGUAGE_STANDARD = gnu99;
				GCC_DYNAMIC_NO_PIC = NO;
				GCC_OPTIMIZATION_LEVEL = 0;
				GCC_PREPROCESSOR_DEFINITIONS = (
					"DEBUG=1",
					"$(inherited)",
				);
				GCC_SYMBOLS_PRIVATE_EXTERN = NO;
				GCC_WARN_ABOUT_RETURN_TYPE = YES;
				GCC_WARN_UNINITIALIZED_AUTOS = YES;
				GCC_WARN_UNUSED_VARIABLE = YES;
				IPHONEOS_DEPLOYMENT_TARGET = 6.1;
				ONLY_ACTIVE_ARCH = YES;
				SDKROOT = iphoneos;
				TARGETED_DEVICE_FAMILY = "1,2";
			};
			name = Debug;
		};
		3A39C4F3174E8F0B0081319C /* Release */ = {
			isa = XCBuildConfiguration;
			buildSettings = {
				ALWAYS_SEARCH_USER_PATHS = NO;
				CLANG_CXX_LANGUAGE_STANDARD = "gnu++0x";
				CLANG_CXX_LIBRARY = "libc++";
				CLANG_ENABLE_OBJC_ARC = YES;
				CLANG_WARN_CONSTANT_CONVERSION = YES;
				CLANG_WARN_EMPTY_BODY = YES;
				CLANG_WARN_ENUM_CONVERSION = YES;
				CLANG_WARN_INT_CONVERSION = YES;
				CLANG_WARN__DUPLICATE_METHOD_MATCH = YES;
				"CODE_SIGN_IDENTITY[sdk=iphoneos*]" = "iPhone Developer";
				COPY_PHASE_STRIP = YES;
				GCC_C_LANGUAGE_STANDARD = gnu99;
				GCC_WARN_ABOUT_RETURN_TYPE = YES;
				GCC_WARN_UNINITIALIZED_AUTOS = YES;
				GCC_WARN_UNUSED_VARIABLE = YES;
				IPHONEOS_DEPLOYMENT_TARGET = 6.1;
				OTHER_CFLAGS = "-DNS_BLOCK_ASSERTIONS=1";
				SDKROOT = iphoneos;
				TARGETED_DEVICE_FAMILY = "1,2";
				VALIDATE_PRODUCT = YES;
			};
			name = Release;
		};
		3A39C4F5174E8F0B0081319C /* Debug */ = {
			isa = XCBuildConfiguration;
			buildSettings = {
				CODE_SIGN_IDENTITY = "iPhone Developer";
				"CODE_SIGN_IDENTITY[sdk=iphoneos*]" = "iPhone Developer";
				GCC_PRECOMPILE_PREFIX_HEADER = YES;
				GCC_PREFIX_HEADER = "Node/Node-Prefix.pch";
				INFOPLIST_FILE = "Node/Node-Info.plist";
				IPHONEOS_DEPLOYMENT_TARGET = 7.0;
				PRODUCT_NAME = "$(TARGET_NAME)";
				PROVISIONING_PROFILE = "";
				TARGETED_DEVICE_FAMILY = 1;
				WRAPPER_EXTENSION = app;
			};
			name = Debug;
		};
		3A39C4F6174E8F0B0081319C /* Release */ = {
			isa = XCBuildConfiguration;
			buildSettings = {
				CODE_SIGN_IDENTITY = "iPhone Developer";
				"CODE_SIGN_IDENTITY[sdk=iphoneos*]" = "iPhone Developer";
				GCC_PRECOMPILE_PREFIX_HEADER = YES;
				GCC_PREFIX_HEADER = "Node/Node-Prefix.pch";
				INFOPLIST_FILE = "Node/Node-Info.plist";
				IPHONEOS_DEPLOYMENT_TARGET = 7.0;
				PRODUCT_NAME = "$(TARGET_NAME)";
				PROVISIONING_PROFILE = "";
				TARGETED_DEVICE_FAMILY = 1;
				WRAPPER_EXTENSION = app;
			};
			name = Release;
		};
		3A39C4F8174E8F0B0081319C /* Debug */ = {
			isa = XCBuildConfiguration;
			buildSettings = {
				BUNDLE_LOADER = "$(BUILT_PRODUCTS_DIR)/Node.app/Node";
				FRAMEWORK_SEARCH_PATHS = (
					"\"$(SDKROOT)/Developer/Library/Frameworks\"",
					"\"$(DEVELOPER_LIBRARY_DIR)/Frameworks\"",
				);
				GCC_PRECOMPILE_PREFIX_HEADER = YES;
				GCC_PREFIX_HEADER = "Node/Node-Prefix.pch";
				INFOPLIST_FILE = "NodeTests/NodeTests-Info.plist";
				PRODUCT_NAME = "$(TARGET_NAME)";
				TEST_HOST = "$(BUNDLE_LOADER)";
				WRAPPER_EXTENSION = octest;
			};
			name = Debug;
		};
		3A39C4F9174E8F0B0081319C /* Release */ = {
			isa = XCBuildConfiguration;
			buildSettings = {
				BUNDLE_LOADER = "$(BUILT_PRODUCTS_DIR)/Node.app/Node";
				FRAMEWORK_SEARCH_PATHS = (
					"\"$(SDKROOT)/Developer/Library/Frameworks\"",
					"\"$(DEVELOPER_LIBRARY_DIR)/Frameworks\"",
				);
				GCC_PRECOMPILE_PREFIX_HEADER = YES;
				GCC_PREFIX_HEADER = "Node/Node-Prefix.pch";
				INFOPLIST_FILE = "NodeTests/NodeTests-Info.plist";
				PRODUCT_NAME = "$(TARGET_NAME)";
				TEST_HOST = "$(BUNDLE_LOADER)";
				WRAPPER_EXTENSION = octest;
			};
			name = Release;
		};
/* End XCBuildConfiguration section */

/* Begin XCConfigurationList section */
		3A39C4B4174E8F090081319C /* Build configuration list for PBXProject "Node" */ = {
			isa = XCConfigurationList;
			buildConfigurations = (
				3A39C4F2174E8F0B0081319C /* Debug */,
				3A39C4F3174E8F0B0081319C /* Release */,
			);
			defaultConfigurationIsVisible = 0;
			defaultConfigurationName = Release;
		};
		3A39C4F4174E8F0B0081319C /* Build configuration list for PBXNativeTarget "Node" */ = {
			isa = XCConfigurationList;
			buildConfigurations = (
				3A39C4F5174E8F0B0081319C /* Debug */,
				3A39C4F6174E8F0B0081319C /* Release */,
			);
			defaultConfigurationIsVisible = 0;
			defaultConfigurationName = Release;
		};
		3A39C4F7174E8F0B0081319C /* Build configuration list for PBXNativeTarget "NodeTests" */ = {
			isa = XCConfigurationList;
			buildConfigurations = (
				3A39C4F8174E8F0B0081319C /* Debug */,
				3A39C4F9174E8F0B0081319C /* Release */,
			);
			defaultConfigurationIsVisible = 0;
			defaultConfigurationName = Release;
		};
/* End XCConfigurationList section */
	};
	rootObject = 3A39C4B1174E8F090081319C /* Project object */;
}
